// !$*UTF8*$!
{
	archiveVersion = 1;
	classes = {
	};
	objectVersion = 46;
	objects = {

/* Begin PBXBuildFile section */
		15FD381B1D82A7B600970CD3 /* main.m in Sources */ = {isa = PBXBuildFile; fileRef = 15FD381A1D82A7B600970CD3 /* main.m */; };
		15FD381E1D82A7B600970CD3 /* AppDelegate.m in Sources */ = {isa = PBXBuildFile; fileRef = 15FD381D1D82A7B600970CD3 /* AppDelegate.m */; };
		15FD38211D82A7B600970CD3 /* ViewController.m in Sources */ = {isa = PBXBuildFile; fileRef = 15FD38201D82A7B600970CD3 /* ViewController.m */; };
		15FD38241D82A7B600970CD3 /* Main.storyboard in Resources */ = {isa = PBXBuildFile; fileRef = 15FD38221D82A7B600970CD3 /* Main.storyboard */; };
		15FD38261D82A7B600970CD3 /* Assets.xcassets in Resources */ = {isa = PBXBuildFile; fileRef = 15FD38251D82A7B600970CD3 /* Assets.xcassets */; };
		15FD38291D82A7B600970CD3 /* LaunchScreen.storyboard in Resources */ = {isa = PBXBuildFile; fileRef = 15FD38271D82A7B600970CD3 /* LaunchScreen.storyboard */; };
		15FD38341D82A7B600970CD3 /* FMChatDemoTests.m in Sources */ = {isa = PBXBuildFile; fileRef = 15FD38331D82A7B600970CD3 /* FMChatDemoTests.m */; };
		15FD383F1D82A7B600970CD3 /* FMChatDemoUITests.m in Sources */ = {isa = PBXBuildFile; fileRef = 15FD383E1D82A7B600970CD3 /* FMChatDemoUITests.m */; };
		15FD390F1D82A88B00970CD3 /* IMBaseTableController.m in Sources */ = {isa = PBXBuildFile; fileRef = 15FD38C31D82A88B00970CD3 /* IMBaseTableController.m */; };
		15FD39101D82A88B00970CD3 /* libmp3lame.a in Frameworks */ = {isa = PBXBuildFile; fileRef = 15FD38C61D82A88B00970CD3 /* libmp3lame.a */; };
		15FD39111D82A88B00970CD3 /* IMBaseItem.m in Sources */ = {isa = PBXBuildFile; fileRef = 15FD38C91D82A88B00970CD3 /* IMBaseItem.m */; };
		15FD39121D82A88B00970CD3 /* IMBaseItemTool.m in Sources */ = {isa = PBXBuildFile; fileRef = 15FD38CB1D82A88B00970CD3 /* IMBaseItemTool.m */; };
		15FD39131D82A88B00970CD3 /* IMMessageBody.m in Sources */ = {isa = PBXBuildFile; fileRef = 15FD38CD1D82A88B00970CD3 /* IMMessageBody.m */; };
		15FD39141D82A88B00970CD3 /* IMEmoticonConverter.m in Sources */ = {isa = PBXBuildFile; fileRef = 15FD38D21D82A88B00970CD3 /* IMEmoticonConverter.m */; };
		15FD39151D82A88B00970CD3 /* Emotion.bundle in Resources */ = {isa = PBXBuildFile; fileRef = 15FD38D51D82A88B00970CD3 /* Emotion.bundle */; };
		15FD39161D82A88B00970CD3 /* emotion.plist in Resources */ = {isa = PBXBuildFile; fileRef = 15FD38D61D82A88B00970CD3 /* emotion.plist */; };
		15FD39171D82A88B00970CD3 /* emotionToText.plist in Resources */ = {isa = PBXBuildFile; fileRef = 15FD38D71D82A88B00970CD3 /* emotionToText.plist */; };
		15FD39181D82A88B00970CD3 /* UITextField+YZEmotion.m in Sources */ = {isa = PBXBuildFile; fileRef = 15FD38D91D82A88B00970CD3 /* UITextField+YZEmotion.m */; };
		15FD39191D82A88B00970CD3 /* UITextView+YZEmotion.m in Sources */ = {isa = PBXBuildFile; fileRef = 15FD38DB1D82A88B00970CD3 /* UITextView+YZEmotion.m */; };
		15FD391A1D82A88B00970CD3 /* YZEmotionCell.m in Sources */ = {isa = PBXBuildFile; fileRef = 15FD38DD1D82A88B00970CD3 /* YZEmotionCell.m */; };
		15FD391B1D82A88B00970CD3 /* YZEmotionCell.xib in Resources */ = {isa = PBXBuildFile; fileRef = 15FD38DE1D82A88B00970CD3 /* YZEmotionCell.xib */; };
		15FD391C1D82A88B00970CD3 /* YZEmotionKeyboard.m in Sources */ = {isa = PBXBuildFile; fileRef = 15FD38E01D82A88B00970CD3 /* YZEmotionKeyboard.m */; };
		15FD391D1D82A88B00970CD3 /* YZEmotionKeyboard.xib in Resources */ = {isa = PBXBuildFile; fileRef = 15FD38E11D82A88B00970CD3 /* YZEmotionKeyboard.xib */; };
		15FD391E1D82A88B00970CD3 /* YZEmotionManager.m in Sources */ = {isa = PBXBuildFile; fileRef = 15FD38E31D82A88B00970CD3 /* YZEmotionManager.m */; };
		15FD391F1D82A88B00970CD3 /* YZEmotionPageCell.m in Sources */ = {isa = PBXBuildFile; fileRef = 15FD38E51D82A88B00970CD3 /* YZEmotionPageCell.m */; };
		15FD39201D82A88B00970CD3 /* YZTextAttachment.m in Sources */ = {isa = PBXBuildFile; fileRef = 15FD38E71D82A88B00970CD3 /* YZTextAttachment.m */; };
		15FD39211D82A88B00970CD3 /* GTMBase64.m in Sources */ = {isa = PBXBuildFile; fileRef = 15FD38E91D82A88B00970CD3 /* GTMBase64.m */; };
		15FD39221D82A88B00970CD3 /* IMAudioTool.m in Sources */ = {isa = PBXBuildFile; fileRef = 15FD38EC1D82A88B00970CD3 /* IMAudioTool.m */; };
		15FD39231D82A88B00970CD3 /* IMBaseAttribute.m in Sources */ = {isa = PBXBuildFile; fileRef = 15FD38EE1D82A88B00970CD3 /* IMBaseAttribute.m */; };
		15FD39241D82A88B00970CD3 /* IMDownloadManager.m in Sources */ = {isa = PBXBuildFile; fileRef = 15FD38F01D82A88B00970CD3 /* IMDownloadManager.m */; };
		15FD39251D82A88B00970CD3 /* IMGroupUserTool.m in Sources */ = {isa = PBXBuildFile; fileRef = 15FD38F21D82A88B00970CD3 /* IMGroupUserTool.m */; };
		15FD39261D82A88B00970CD3 /* IMImagePickerManager.m in Sources */ = {isa = PBXBuildFile; fileRef = 15FD38F41D82A88B00970CD3 /* IMImagePickerManager.m */; };
		15FD39271D82A88B00970CD3 /* IMPhotoBrowseController.m in Sources */ = {isa = PBXBuildFile; fileRef = 15FD38F61D82A88B00970CD3 /* IMPhotoBrowseController.m */; };
		15FD39281D82A88B00970CD3 /* IMSQLiteTool.m in Sources */ = {isa = PBXBuildFile; fileRef = 15FD38F81D82A88B00970CD3 /* IMSQLiteTool.m */; };
		15FD39291D82A88B00970CD3 /* IMUploadManager.m in Sources */ = {isa = PBXBuildFile; fileRef = 15FD38FA1D82A88B00970CD3 /* IMUploadManager.m */; };
		15FD392A1D82A88B00970CD3 /* IMUserItem.m in Sources */ = {isa = PBXBuildFile; fileRef = 15FD38FC1D82A88B00970CD3 /* IMUserItem.m */; };
		15FD392B1D82A88B00970CD3 /* NSData+AES.m in Sources */ = {isa = PBXBuildFile; fileRef = 15FD38FE1D82A88B00970CD3 /* NSData+AES.m */; };
		15FD392C1D82A88B00970CD3 /* SignalRClient.m in Sources */ = {isa = PBXBuildFile; fileRef = 15FD39001D82A88B00970CD3 /* SignalRClient.m */; };
		15FD392D1D82A88B00970CD3 /* IMBaseCell.m in Sources */ = {isa = PBXBuildFile; fileRef = 15FD39031D82A88B00970CD3 /* IMBaseCell.m */; };
		15FD392E1D82A88B00970CD3 /* IMBaseTimeCell.m in Sources */ = {isa = PBXBuildFile; fileRef = 15FD39051D82A88B00970CD3 /* IMBaseTimeCell.m */; };
		15FD392F1D82A88B00970CD3 /* IMChatMoreView.m in Sources */ = {isa = PBXBuildFile; fileRef = 15FD39071D82A88B00970CD3 /* IMChatMoreView.m */; };
		15FD39301D82A88B00970CD3 /* IMChatMoreView.xib in Resources */ = {isa = PBXBuildFile; fileRef = 15FD39081D82A88B00970CD3 /* IMChatMoreView.xib */; };
		15FD39311D82A88B00970CD3 /* IMChatToolBar.m in Sources */ = {isa = PBXBuildFile; fileRef = 15FD390A1D82A88B00970CD3 /* IMChatToolBar.m */; };
		15FD39321D82A88B00970CD3 /* IMVoiceVolumeView.m in Sources */ = {isa = PBXBuildFile; fileRef = 15FD390C1D82A88B00970CD3 /* IMVoiceVolumeView.m */; };
		15FD39331D82A88B00970CD3 /* ProgressView.m in Sources */ = {isa = PBXBuildFile; fileRef = 15FD390E1D82A88B00970CD3 /* ProgressView.m */; };
		15FD39781D82A90200970CD3 /* school_chat_audio_bg@2x.png in Resources */ = {isa = PBXBuildFile; fileRef = 15FD39341D82A90200970CD3 /* school_chat_audio_bg@2x.png */; };
		15FD39791D82A90200970CD3 /* school_chat_audio_bg@3x.png in Resources */ = {isa = PBXBuildFile; fileRef = 15FD39351D82A90200970CD3 /* school_chat_audio_bg@3x.png */; };
		15FD397A1D82A90200970CD3 /* school_chat_audio_cancel@2x.png in Resources */ = {isa = PBXBuildFile; fileRef = 15FD39361D82A90200970CD3 /* school_chat_audio_cancel@2x.png */; };
		15FD397B1D82A90200970CD3 /* school_chat_audio_cancel@3x.png in Resources */ = {isa = PBXBuildFile; fileRef = 15FD39371D82A90200970CD3 /* school_chat_audio_cancel@3x.png */; };
		15FD397C1D82A90200970CD3 /* school_chat_audio_gth@2x.png in Resources */ = {isa = PBXBuildFile; fileRef = 15FD39381D82A90200970CD3 /* school_chat_audio_gth@2x.png */; };
		15FD397D1D82A90200970CD3 /* school_chat_audio_gth@3x.png in Resources */ = {isa = PBXBuildFile; fileRef = 15FD39391D82A90200970CD3 /* school_chat_audio_gth@3x.png */; };
		15FD397E1D82A90200970CD3 /* school_chat_audio_mic@2x.png in Resources */ = {isa = PBXBuildFile; fileRef = 15FD393A1D82A90200970CD3 /* school_chat_audio_mic@2x.png */; };
		15FD397F1D82A90200970CD3 /* school_chat_audio_mic@3x.png in Resources */ = {isa = PBXBuildFile; fileRef = 15FD393B1D82A90200970CD3 /* school_chat_audio_mic@3x.png */; };
		15FD39801D82A90200970CD3 /* school_chat_audio_volume1@2x.png in Resources */ = {isa = PBXBuildFile; fileRef = 15FD393C1D82A90200970CD3 /* school_chat_audio_volume1@2x.png */; };
		15FD39811D82A90200970CD3 /* school_chat_audio_volume1@3x.png in Resources */ = {isa = PBXBuildFile; fileRef = 15FD393D1D82A90200970CD3 /* school_chat_audio_volume1@3x.png */; };
		15FD39821D82A90200970CD3 /* school_chat_audio_volume2@2x.png in Resources */ = {isa = PBXBuildFile; fileRef = 15FD393E1D82A90200970CD3 /* school_chat_audio_volume2@2x.png */; };
		15FD39831D82A90200970CD3 /* school_chat_audio_volume2@3x.png in Resources */ = {isa = PBXBuildFile; fileRef = 15FD393F1D82A90200970CD3 /* school_chat_audio_volume2@3x.png */; };
		15FD39841D82A90200970CD3 /* school_chat_audio_volume3@2x.png in Resources */ = {isa = PBXBuildFile; fileRef = 15FD39401D82A90200970CD3 /* school_chat_audio_volume3@2x.png */; };
		15FD39851D82A90200970CD3 /* school_chat_audio_volume3@3x.png in Resources */ = {isa = PBXBuildFile; fileRef = 15FD39411D82A90200970CD3 /* school_chat_audio_volume3@3x.png */; };
		15FD39861D82A90200970CD3 /* school_chat_audio_volume4@2x.png in Resources */ = {isa = PBXBuildFile; fileRef = 15FD39421D82A90200970CD3 /* school_chat_audio_volume4@2x.png */; };
		15FD39871D82A90200970CD3 /* school_chat_audio_volume4@3x.png in Resources */ = {isa = PBXBuildFile; fileRef = 15FD39431D82A90200970CD3 /* school_chat_audio_volume4@3x.png */; };
		15FD39881D82A90200970CD3 /* school_chat_audio_volume5@2x.png in Resources */ = {isa = PBXBuildFile; fileRef = 15FD39441D82A90200970CD3 /* school_chat_audio_volume5@2x.png */; };
		15FD39891D82A90200970CD3 /* school_chat_audio_volume5@3x.png in Resources */ = {isa = PBXBuildFile; fileRef = 15FD39451D82A90200970CD3 /* school_chat_audio_volume5@3x.png */; };
		15FD398A1D82A90200970CD3 /* school_chat_emoticon@2x.png in Resources */ = {isa = PBXBuildFile; fileRef = 15FD39461D82A90200970CD3 /* school_chat_emoticon@2x.png */; };
		15FD398B1D82A90200970CD3 /* school_chat_emoticon@3x.png in Resources */ = {isa = PBXBuildFile; fileRef = 15FD39471D82A90200970CD3 /* school_chat_emoticon@3x.png */; };
		15FD398C1D82A90200970CD3 /* school_chat_keybord@2x.png in Resources */ = {isa = PBXBuildFile; fileRef = 15FD39481D82A90200970CD3 /* school_chat_keybord@2x.png */; };
		15FD398D1D82A90200970CD3 /* school_chat_keybord@3x.png in Resources */ = {isa = PBXBuildFile; fileRef = 15FD39491D82A90200970CD3 /* school_chat_keybord@3x.png */; };
		15FD398E1D82A90200970CD3 /* school_chat_left_playaudio1@2x.png in Resources */ = {isa = PBXBuildFile; fileRef = 15FD394A1D82A90200970CD3 /* school_chat_left_playaudio1@2x.png */; };
		15FD398F1D82A90200970CD3 /* school_chat_left_playaudio1@3x.png in Resources */ = {isa = PBXBuildFile; fileRef = 15FD394B1D82A90200970CD3 /* school_chat_left_playaudio1@3x.png */; };
		15FD39901D82A90200970CD3 /* school_chat_left_playaudio2@2x.png in Resources */ = {isa = PBXBuildFile; fileRef = 15FD394C1D82A90200970CD3 /* school_chat_left_playaudio2@2x.png */; };
		15FD39911D82A90200970CD3 /* school_chat_left_playaudio2@3x.png in Resources */ = {isa = PBXBuildFile; fileRef = 15FD394D1D82A90200970CD3 /* school_chat_left_playaudio2@3x.png */; };
		15FD39921D82A90200970CD3 /* school_chat_left_playaudio3@2x.png in Resources */ = {isa = PBXBuildFile; fileRef = 15FD394E1D82A90200970CD3 /* school_chat_left_playaudio3@2x.png */; };
		15FD39931D82A90200970CD3 /* school_chat_left_playaudio3@3x.png in Resources */ = {isa = PBXBuildFile; fileRef = 15FD394F1D82A90200970CD3 /* school_chat_left_playaudio3@3x.png */; };
		15FD39941D82A90200970CD3 /* school_chat_more@2x.png in Resources */ = {isa = PBXBuildFile; fileRef = 15FD39501D82A90200970CD3 /* school_chat_more@2x.png */; };
		15FD39951D82A90200970CD3 /* school_chat_more@3x.png in Resources */ = {isa = PBXBuildFile; fileRef = 15FD39511D82A90200970CD3 /* school_chat_more@3x.png */; };
		15FD39961D82A90200970CD3 /* school_chat_not_read@2x.png in Resources */ = {isa = PBXBuildFile; fileRef = 15FD39521D82A90200970CD3 /* school_chat_not_read@2x.png */; };
		15FD39971D82A90200970CD3 /* school_chat_not_read@3x.png in Resources */ = {isa = PBXBuildFile; fileRef = 15FD39531D82A90200970CD3 /* school_chat_not_read@3x.png */; };
		15FD39981D82A90200970CD3 /* school_chat_people@2x.png in Resources */ = {isa = PBXBuildFile; fileRef = 15FD39541D82A90200970CD3 /* school_chat_people@2x.png */; };
		15FD39991D82A90200970CD3 /* school_chat_people@3x.png in Resources */ = {isa = PBXBuildFile; fileRef = 15FD39551D82A90200970CD3 /* school_chat_people@3x.png */; };
		15FD399A1D82A90200970CD3 /* school_chat_photo@2x.png in Resources */ = {isa = PBXBuildFile; fileRef = 15FD39561D82A90200970CD3 /* school_chat_photo@2x.png */; };
		15FD399B1D82A90200970CD3 /* school_chat_photo@3x.png in Resources */ = {isa = PBXBuildFile; fileRef = 15FD39571D82A90200970CD3 /* school_chat_photo@3x.png */; };
		15FD399C1D82A90200970CD3 /* school_chat_playrecord_right@2x.png in Resources */ = {isa = PBXBuildFile; fileRef = 15FD39581D82A90200970CD3 /* school_chat_playrecord_right@2x.png */; };
		15FD399D1D82A90200970CD3 /* school_chat_playrecord_right@3x.png in Resources */ = {isa = PBXBuildFile; fileRef = 15FD39591D82A90200970CD3 /* school_chat_playrecord_right@3x.png */; };
		15FD399E1D82A90200970CD3 /* school_chat_playrecord@2x.png in Resources */ = {isa = PBXBuildFile; fileRef = 15FD395A1D82A90200970CD3 /* school_chat_playrecord@2x.png */; };
		15FD399F1D82A90200970CD3 /* school_chat_playrecord@3x.png in Resources */ = {isa = PBXBuildFile; fileRef = 15FD395B1D82A90200970CD3 /* school_chat_playrecord@3x.png */; };
		15FD39A01D82A90200970CD3 /* school_chat_record@2x.png in Resources */ = {isa = PBXBuildFile; fileRef = 15FD395C1D82A90200970CD3 /* school_chat_record@2x.png */; };
		15FD39A11D82A90200970CD3 /* school_chat_record@3x.png in Resources */ = {isa = PBXBuildFile; fileRef = 15FD395D1D82A90200970CD3 /* school_chat_record@3x.png */; };
		15FD39A21D82A90200970CD3 /* school_chat_right_playaudio1@2x.png in Resources */ = {isa = PBXBuildFile; fileRef = 15FD395E1D82A90200970CD3 /* school_chat_right_playaudio1@2x.png */; };
		15FD39A31D82A90200970CD3 /* school_chat_right_playaudio1@3x.png in Resources */ = {isa = PBXBuildFile; fileRef = 15FD395F1D82A90200970CD3 /* school_chat_right_playaudio1@3x.png */; };
		15FD39A41D82A90200970CD3 /* school_chat_right_playaudio2@2x.png in Resources */ = {isa = PBXBuildFile; fileRef = 15FD39601D82A90200970CD3 /* school_chat_right_playaudio2@2x.png */; };
		15FD39A51D82A90200970CD3 /* school_chat_right_playaudio2@3x.png in Resources */ = {isa = PBXBuildFile; fileRef = 15FD39611D82A90200970CD3 /* school_chat_right_playaudio2@3x.png */; };
		15FD39A61D82A90200970CD3 /* school_chat_right_playaudio3@2x.png in Resources */ = {isa = PBXBuildFile; fileRef = 15FD39621D82A90200970CD3 /* school_chat_right_playaudio3@2x.png */; };
		15FD39A71D82A90200970CD3 /* school_chat_right_playaudio3@3x.png in Resources */ = {isa = PBXBuildFile; fileRef = 15FD39631D82A90200970CD3 /* school_chat_right_playaudio3@3x.png */; };
		15FD39A81D82A90200970CD3 /* school_chat_sendfail@2x.png in Resources */ = {isa = PBXBuildFile; fileRef = 15FD39641D82A90200970CD3 /* school_chat_sendfail@2x.png */; };
		15FD39A91D82A90200970CD3 /* school_chat_sendfail@3x.png in Resources */ = {isa = PBXBuildFile; fileRef = 15FD39651D82A90200970CD3 /* school_chat_sendfail@3x.png */; };
		15FD39AA1D82A90200970CD3 /* school_chat_student_leftbg@2x.png in Resources */ = {isa = PBXBuildFile; fileRef = 15FD39661D82A90200970CD3 /* school_chat_student_leftbg@2x.png */; };
		15FD39AB1D82A90200970CD3 /* school_chat_student_leftbg@3x.png in Resources */ = {isa = PBXBuildFile; fileRef = 15FD39671D82A90200970CD3 /* school_chat_student_leftbg@3x.png */; };
		15FD39AC1D82A90200970CD3 /* school_chat_student_rightbg@2x.png in Resources */ = {isa = PBXBuildFile; fileRef = 15FD39681D82A90200970CD3 /* school_chat_student_rightbg@2x.png */; };
		15FD39AD1D82A90200970CD3 /* school_chat_student_rightbg@3x.png in Resources */ = {isa = PBXBuildFile; fileRef = 15FD39691D82A90200970CD3 /* school_chat_student_rightbg@3x.png */; };
		15FD39AE1D82A90200970CD3 /* school_chat_studentcell_bg@2x.png in Resources */ = {isa = PBXBuildFile; fileRef = 15FD396A1D82A90200970CD3 /* school_chat_studentcell_bg@2x.png */; };
		15FD39AF1D82A90200970CD3 /* school_chat_studentcell_bg@3x.png in Resources */ = {isa = PBXBuildFile; fileRef = 15FD396B1D82A90200970CD3 /* school_chat_studentcell_bg@3x.png */; };
		15FD39B01D82A90200970CD3 /* school_chat_takephoto@2x.png in Resources */ = {isa = PBXBuildFile; fileRef = 15FD396C1D82A90200970CD3 /* school_chat_takephoto@2x.png */; };
		15FD39B11D82A90200970CD3 /* school_chat_takephoto@3x.png in Resources */ = {isa = PBXBuildFile; fileRef = 15FD396D1D82A90200970CD3 /* school_chat_takephoto@3x.png */; };
		15FD39B21D82A90200970CD3 /* school_chat_takevedio@2x.png in Resources */ = {isa = PBXBuildFile; fileRef = 15FD396E1D82A90200970CD3 /* school_chat_takevedio@2x.png */; };
		15FD39B31D82A90200970CD3 /* school_chat_takevedio@3x.png in Resources */ = {isa = PBXBuildFile; fileRef = 15FD396F1D82A90200970CD3 /* school_chat_takevedio@3x.png */; };
		15FD39B41D82A90200970CD3 /* school_chat_teachercell_bg@2x.png in Resources */ = {isa = PBXBuildFile; fileRef = 15FD39701D82A90200970CD3 /* school_chat_teachercell_bg@2x.png */; };
		15FD39B51D82A90200970CD3 /* school_chat_teachercell_bg@3x.png in Resources */ = {isa = PBXBuildFile; fileRef = 15FD39711D82A90200970CD3 /* school_chat_teachercell_bg@3x.png */; };
		15FD39B61D82A90200970CD3 /* school_chat_unread_ bubble@@3x.png in Resources */ = {isa = PBXBuildFile; fileRef = 15FD39721D82A90200970CD3 /* school_chat_unread_ bubble@@3x.png */; };
		15FD39B71D82A90200970CD3 /* school_chat_unread_ bubble@2x.png in Resources */ = {isa = PBXBuildFile; fileRef = 15FD39731D82A90200970CD3 /* school_chat_unread_ bubble@2x.png */; };
		15FD39B81D82A90200970CD3 /* school_chat_vedio_download@2x.png in Resources */ = {isa = PBXBuildFile; fileRef = 15FD39741D82A90200970CD3 /* school_chat_vedio_download@2x.png */; };
		15FD39B91D82A90200970CD3 /* school_chat_vedio_download@3x.png in Resources */ = {isa = PBXBuildFile; fileRef = 15FD39751D82A90200970CD3 /* school_chat_vedio_download@3x.png */; };
		15FD39BA1D82A90200970CD3 /* school_chat_vedio_play@2x.png in Resources */ = {isa = PBXBuildFile; fileRef = 15FD39761D82A90200970CD3 /* school_chat_vedio_play@2x.png */; };
		15FD39BB1D82A90200970CD3 /* school_chat_vedio_play@3x.png in Resources */ = {isa = PBXBuildFile; fileRef = 15FD39771D82A90200970CD3 /* school_chat_vedio_play@3x.png */; };
/* End PBXBuildFile section */

/* Begin PBXContainerItemProxy section */
		15FD38301D82A7B600970CD3 /* PBXContainerItemProxy */ = {
			isa = PBXContainerItemProxy;
			containerPortal = 15FD380E1D82A7B600970CD3 /* Project object */;
			proxyType = 1;
			remoteGlobalIDString = 15FD38151D82A7B600970CD3;
			remoteInfo = FMChatDemo;
		};
		15FD383B1D82A7B600970CD3 /* PBXContainerItemProxy */ = {
			isa = PBXContainerItemProxy;
			containerPortal = 15FD380E1D82A7B600970CD3 /* Project object */;
			proxyType = 1;
			remoteGlobalIDString = 15FD38151D82A7B600970CD3;
			remoteInfo = FMChatDemo;
		};
/* End PBXContainerItemProxy section */

/* Begin PBXFileReference section */
		15FD38161D82A7B600970CD3 /* FMChatDemo.app */ = {isa = PBXFileReference; explicitFileType = wrapper.application; includeInIndex = 0; path = FMChatDemo.app; sourceTree = BUILT_PRODUCTS_DIR; };
		15FD381A1D82A7B600970CD3 /* main.m */ = {isa = PBXFileReference; lastKnownFileType = sourcecode.c.objc; path = main.m; sourceTree = "<group>"; };
		15FD381C1D82A7B600970CD3 /* AppDelegate.h */ = {isa = PBXFileReference; lastKnownFileType = sourcecode.c.h; path = AppDelegate.h; sourceTree = "<group>"; };
		15FD381D1D82A7B600970CD3 /* AppDelegate.m */ = {isa = PBXFileReference; lastKnownFileType = sourcecode.c.objc; path = AppDelegate.m; sourceTree = "<group>"; };
		15FD381F1D82A7B600970CD3 /* ViewController.h */ = {isa = PBXFileReference; lastKnownFileType = sourcecode.c.h; path = ViewController.h; sourceTree = "<group>"; };
		15FD38201D82A7B600970CD3 /* ViewController.m */ = {isa = PBXFileReference; lastKnownFileType = sourcecode.c.objc; path = ViewController.m; sourceTree = "<group>"; };
		15FD38231D82A7B600970CD3 /* Base */ = {isa = PBXFileReference; lastKnownFileType = file.storyboard; name = Base; path = Base.lproj/Main.storyboard; sourceTree = "<group>"; };
		15FD38251D82A7B600970CD3 /* Assets.xcassets */ = {isa = PBXFileReference; lastKnownFileType = folder.assetcatalog; path = Assets.xcassets; sourceTree = "<group>"; };
		15FD38281D82A7B600970CD3 /* Base */ = {isa = PBXFileReference; lastKnownFileType = file.storyboard; name = Base; path = Base.lproj/LaunchScreen.storyboard; sourceTree = "<group>"; };
		15FD382A1D82A7B600970CD3 /* Info.plist */ = {isa = PBXFileReference; lastKnownFileType = text.plist.xml; path = Info.plist; sourceTree = "<group>"; };
		15FD382F1D82A7B600970CD3 /* FMChatDemoTests.xctest */ = {isa = PBXFileReference; explicitFileType = wrapper.cfbundle; includeInIndex = 0; path = FMChatDemoTests.xctest; sourceTree = BUILT_PRODUCTS_DIR; };
		15FD38331D82A7B600970CD3 /* FMChatDemoTests.m */ = {isa = PBXFileReference; lastKnownFileType = sourcecode.c.objc; path = FMChatDemoTests.m; sourceTree = "<group>"; };
		15FD38351D82A7B600970CD3 /* Info.plist */ = {isa = PBXFileReference; lastKnownFileType = text.plist.xml; path = Info.plist; sourceTree = "<group>"; };
		15FD383A1D82A7B600970CD3 /* FMChatDemoUITests.xctest */ = {isa = PBXFileReference; explicitFileType = wrapper.cfbundle; includeInIndex = 0; path = FMChatDemoUITests.xctest; sourceTree = BUILT_PRODUCTS_DIR; };
		15FD383E1D82A7B600970CD3 /* FMChatDemoUITests.m */ = {isa = PBXFileReference; lastKnownFileType = sourcecode.c.objc; path = FMChatDemoUITests.m; sourceTree = "<group>"; };
		15FD38401D82A7B600970CD3 /* Info.plist */ = {isa = PBXFileReference; lastKnownFileType = text.plist.xml; path = Info.plist; sourceTree = "<group>"; };
		15FD38C21D82A88B00970CD3 /* IMBaseTableController.h */ = {isa = PBXFileReference; fileEncoding = 4; lastKnownFileType = sourcecode.c.h; path = IMBaseTableController.h; sourceTree = "<group>"; };
		15FD38C31D82A88B00970CD3 /* IMBaseTableController.m */ = {isa = PBXFileReference; fileEncoding = 4; lastKnownFileType = sourcecode.c.objc; path = IMBaseTableController.m; sourceTree = "<group>"; };
		15FD38C51D82A88B00970CD3 /* lame.h */ = {isa = PBXFileReference; fileEncoding = 4; lastKnownFileType = sourcecode.c.h; path = lame.h; sourceTree = "<group>"; };
		15FD38C61D82A88B00970CD3 /* libmp3lame.a */ = {isa = PBXFileReference; lastKnownFileType = archive.ar; path = libmp3lame.a; sourceTree = "<group>"; };
		15FD38C81D82A88B00970CD3 /* IMBaseItem.h */ = {isa = PBXFileReference; fileEncoding = 4; lastKnownFileType = sourcecode.c.h; path = IMBaseItem.h; sourceTree = "<group>"; };
		15FD38C91D82A88B00970CD3 /* IMBaseItem.m */ = {isa = PBXFileReference; fileEncoding = 4; lastKnownFileType = sourcecode.c.objc; path = IMBaseItem.m; sourceTree = "<group>"; };
		15FD38CA1D82A88B00970CD3 /* IMBaseItemTool.h */ = {isa = PBXFileReference; fileEncoding = 4; lastKnownFileType = sourcecode.c.h; path = IMBaseItemTool.h; sourceTree = "<group>"; };
		15FD38CB1D82A88B00970CD3 /* IMBaseItemTool.m */ = {isa = PBXFileReference; fileEncoding = 4; lastKnownFileType = sourcecode.c.objc; path = IMBaseItemTool.m; sourceTree = "<group>"; };
		15FD38CC1D82A88B00970CD3 /* IMMessageBody.h */ = {isa = PBXFileReference; fileEncoding = 4; lastKnownFileType = sourcecode.c.h; path = IMMessageBody.h; sourceTree = "<group>"; };
		15FD38CD1D82A88B00970CD3 /* IMMessageBody.m */ = {isa = PBXFileReference; fileEncoding = 4; lastKnownFileType = sourcecode.c.objc; path = IMMessageBody.m; sourceTree = "<group>"; };
		15FD38D11D82A88B00970CD3 /* IMEmoticonConverter.h */ = {isa = PBXFileReference; fileEncoding = 4; lastKnownFileType = sourcecode.c.h; path = IMEmoticonConverter.h; sourceTree = "<group>"; };
		15FD38D21D82A88B00970CD3 /* IMEmoticonConverter.m */ = {isa = PBXFileReference; fileEncoding = 4; lastKnownFileType = sourcecode.c.objc; path = IMEmoticonConverter.m; sourceTree = "<group>"; };
		15FD38D51D82A88B00970CD3 /* Emotion.bundle */ = {isa = PBXFileReference; lastKnownFileType = "wrapper.plug-in"; path = Emotion.bundle; sourceTree = "<group>"; };
		15FD38D61D82A88B00970CD3 /* emotion.plist */ = {isa = PBXFileReference; fileEncoding = 4; lastKnownFileType = text.plist.xml; path = emotion.plist; sourceTree = "<group>"; };
		15FD38D71D82A88B00970CD3 /* emotionToText.plist */ = {isa = PBXFileReference; fileEncoding = 4; lastKnownFileType = text.plist.xml; path = emotionToText.plist; sourceTree = "<group>"; };
		15FD38D81D82A88B00970CD3 /* UITextField+YZEmotion.h */ = {isa = PBXFileReference; fileEncoding = 4; lastKnownFileType = sourcecode.c.h; path = "UITextField+YZEmotion.h"; sourceTree = "<group>"; };
		15FD38D91D82A88B00970CD3 /* UITextField+YZEmotion.m */ = {isa = PBXFileReference; fileEncoding = 4; lastKnownFileType = sourcecode.c.objc; path = "UITextField+YZEmotion.m"; sourceTree = "<group>"; };
		15FD38DA1D82A88B00970CD3 /* UITextView+YZEmotion.h */ = {isa = PBXFileReference; fileEncoding = 4; lastKnownFileType = sourcecode.c.h; path = "UITextView+YZEmotion.h"; sourceTree = "<group>"; };
		15FD38DB1D82A88B00970CD3 /* UITextView+YZEmotion.m */ = {isa = PBXFileReference; fileEncoding = 4; lastKnownFileType = sourcecode.c.objc; path = "UITextView+YZEmotion.m"; sourceTree = "<group>"; };
		15FD38DC1D82A88B00970CD3 /* YZEmotionCell.h */ = {isa = PBXFileReference; fileEncoding = 4; lastKnownFileType = sourcecode.c.h; path = YZEmotionCell.h; sourceTree = "<group>"; };
		15FD38DD1D82A88B00970CD3 /* YZEmotionCell.m */ = {isa = PBXFileReference; fileEncoding = 4; lastKnownFileType = sourcecode.c.objc; path = YZEmotionCell.m; sourceTree = "<group>"; };
		15FD38DE1D82A88B00970CD3 /* YZEmotionCell.xib */ = {isa = PBXFileReference; fileEncoding = 4; lastKnownFileType = file.xib; path = YZEmotionCell.xib; sourceTree = "<group>"; };
		15FD38DF1D82A88B00970CD3 /* YZEmotionKeyboard.h */ = {isa = PBXFileReference; fileEncoding = 4; lastKnownFileType = sourcecode.c.h; path = YZEmotionKeyboard.h; sourceTree = "<group>"; };
		15FD38E01D82A88B00970CD3 /* YZEmotionKeyboard.m */ = {isa = PBXFileReference; fileEncoding = 4; lastKnownFileType = sourcecode.c.objc; path = YZEmotionKeyboard.m; sourceTree = "<group>"; };
		15FD38E11D82A88B00970CD3 /* YZEmotionKeyboard.xib */ = {isa = PBXFileReference; fileEncoding = 4; lastKnownFileType = file.xib; path = YZEmotionKeyboard.xib; sourceTree = "<group>"; };
		15FD38E21D82A88B00970CD3 /* YZEmotionManager.h */ = {isa = PBXFileReference; fileEncoding = 4; lastKnownFileType = sourcecode.c.h; path = YZEmotionManager.h; sourceTree = "<group>"; };
		15FD38E31D82A88B00970CD3 /* YZEmotionManager.m */ = {isa = PBXFileReference; fileEncoding = 4; lastKnownFileType = sourcecode.c.objc; path = YZEmotionManager.m; sourceTree = "<group>"; };
		15FD38E41D82A88B00970CD3 /* YZEmotionPageCell.h */ = {isa = PBXFileReference; fileEncoding = 4; lastKnownFileType = sourcecode.c.h; path = YZEmotionPageCell.h; sourceTree = "<group>"; };
		15FD38E51D82A88B00970CD3 /* YZEmotionPageCell.m */ = {isa = PBXFileReference; fileEncoding = 4; lastKnownFileType = sourcecode.c.objc; path = YZEmotionPageCell.m; sourceTree = "<group>"; };
		15FD38E61D82A88B00970CD3 /* YZTextAttachment.h */ = {isa = PBXFileReference; fileEncoding = 4; lastKnownFileType = sourcecode.c.h; path = YZTextAttachment.h; sourceTree = "<group>"; };
		15FD38E71D82A88B00970CD3 /* YZTextAttachment.m */ = {isa = PBXFileReference; fileEncoding = 4; lastKnownFileType = sourcecode.c.objc; path = YZTextAttachment.m; sourceTree = "<group>"; };
		15FD38E81D82A88B00970CD3 /* GTMBase64.h */ = {isa = PBXFileReference; fileEncoding = 4; lastKnownFileType = sourcecode.c.h; path = GTMBase64.h; sourceTree = "<group>"; };
		15FD38E91D82A88B00970CD3 /* GTMBase64.m */ = {isa = PBXFileReference; fileEncoding = 4; lastKnownFileType = sourcecode.c.objc; path = GTMBase64.m; sourceTree = "<group>"; };
		15FD38EA1D82A88B00970CD3 /* GTMDefines.h */ = {isa = PBXFileReference; fileEncoding = 4; lastKnownFileType = sourcecode.c.h; path = GTMDefines.h; sourceTree = "<group>"; };
		15FD38EB1D82A88B00970CD3 /* IMAudioTool.h */ = {isa = PBXFileReference; fileEncoding = 4; lastKnownFileType = sourcecode.c.h; path = IMAudioTool.h; sourceTree = "<group>"; };
		15FD38EC1D82A88B00970CD3 /* IMAudioTool.m */ = {isa = PBXFileReference; fileEncoding = 4; lastKnownFileType = sourcecode.c.objc; path = IMAudioTool.m; sourceTree = "<group>"; };
		15FD38ED1D82A88B00970CD3 /* IMBaseAttribute.h */ = {isa = PBXFileReference; fileEncoding = 4; lastKnownFileType = sourcecode.c.h; path = IMBaseAttribute.h; sourceTree = "<group>"; };
		15FD38EE1D82A88B00970CD3 /* IMBaseAttribute.m */ = {isa = PBXFileReference; fileEncoding = 4; lastKnownFileType = sourcecode.c.objc; path = IMBaseAttribute.m; sourceTree = "<group>"; };
		15FD38EF1D82A88B00970CD3 /* IMDownloadManager.h */ = {isa = PBXFileReference; fileEncoding = 4; lastKnownFileType = sourcecode.c.h; path = IMDownloadManager.h; sourceTree = "<group>"; };
		15FD38F01D82A88B00970CD3 /* IMDownloadManager.m */ = {isa = PBXFileReference; fileEncoding = 4; lastKnownFileType = sourcecode.c.objc; path = IMDownloadManager.m; sourceTree = "<group>"; };
		15FD38F11D82A88B00970CD3 /* IMGroupUserTool.h */ = {isa = PBXFileReference; fileEncoding = 4; lastKnownFileType = sourcecode.c.h; path = IMGroupUserTool.h; sourceTree = "<group>"; };
		15FD38F21D82A88B00970CD3 /* IMGroupUserTool.m */ = {isa = PBXFileReference; fileEncoding = 4; lastKnownFileType = sourcecode.c.objc; path = IMGroupUserTool.m; sourceTree = "<group>"; };
		15FD38F31D82A88B00970CD3 /* IMImagePickerManager.h */ = {isa = PBXFileReference; fileEncoding = 4; lastKnownFileType = sourcecode.c.h; path = IMImagePickerManager.h; sourceTree = "<group>"; };
		15FD38F41D82A88B00970CD3 /* IMImagePickerManager.m */ = {isa = PBXFileReference; fileEncoding = 4; lastKnownFileType = sourcecode.c.objc; path = IMImagePickerManager.m; sourceTree = "<group>"; };
		15FD38F51D82A88B00970CD3 /* IMPhotoBrowseController.h */ = {isa = PBXFileReference; fileEncoding = 4; lastKnownFileType = sourcecode.c.h; path = IMPhotoBrowseController.h; sourceTree = "<group>"; };
		15FD38F61D82A88B00970CD3 /* IMPhotoBrowseController.m */ = {isa = PBXFileReference; fileEncoding = 4; lastKnownFileType = sourcecode.c.objc; path = IMPhotoBrowseController.m; sourceTree = "<group>"; };
		15FD38F71D82A88B00970CD3 /* IMSQLiteTool.h */ = {isa = PBXFileReference; fileEncoding = 4; lastKnownFileType = sourcecode.c.h; path = IMSQLiteTool.h; sourceTree = "<group>"; };
		15FD38F81D82A88B00970CD3 /* IMSQLiteTool.m */ = {isa = PBXFileReference; fileEncoding = 4; lastKnownFileType = sourcecode.c.objc; path = IMSQLiteTool.m; sourceTree = "<group>"; };
		15FD38F91D82A88B00970CD3 /* IMUploadManager.h */ = {isa = PBXFileReference; fileEncoding = 4; lastKnownFileType = sourcecode.c.h; path = IMUploadManager.h; sourceTree = "<group>"; };
		15FD38FA1D82A88B00970CD3 /* IMUploadManager.m */ = {isa = PBXFileReference; fileEncoding = 4; lastKnownFileType = sourcecode.c.objc; path = IMUploadManager.m; sourceTree = "<group>"; };
		15FD38FB1D82A88B00970CD3 /* IMUserItem.h */ = {isa = PBXFileReference; fileEncoding = 4; lastKnownFileType = sourcecode.c.h; path = IMUserItem.h; sourceTree = "<group>"; };
		15FD38FC1D82A88B00970CD3 /* IMUserItem.m */ = {isa = PBXFileReference; fileEncoding = 4; lastKnownFileType = sourcecode.c.objc; path = IMUserItem.m; sourceTree = "<group>"; };
		15FD38FD1D82A88B00970CD3 /* NSData+AES.h */ = {isa = PBXFileReference; fileEncoding = 4; lastKnownFileType = sourcecode.c.h; path = "NSData+AES.h"; sourceTree = "<group>"; };
		15FD38FE1D82A88B00970CD3 /* NSData+AES.m */ = {isa = PBXFileReference; fileEncoding = 4; lastKnownFileType = sourcecode.c.objc; path = "NSData+AES.m"; sourceTree = "<group>"; };
		15FD38FF1D82A88B00970CD3 /* SignalRClient.h */ = {isa = PBXFileReference; fileEncoding = 4; lastKnownFileType = sourcecode.c.h; path = SignalRClient.h; sourceTree = "<group>"; };
		15FD39001D82A88B00970CD3 /* SignalRClient.m */ = {isa = PBXFileReference; fileEncoding = 4; lastKnownFileType = sourcecode.c.objc; path = SignalRClient.m; sourceTree = "<group>"; };
		15FD39021D82A88B00970CD3 /* IMBaseCell.h */ = {isa = PBXFileReference; fileEncoding = 4; lastKnownFileType = sourcecode.c.h; path = IMBaseCell.h; sourceTree = "<group>"; };
		15FD39031D82A88B00970CD3 /* IMBaseCell.m */ = {isa = PBXFileReference; fileEncoding = 4; lastKnownFileType = sourcecode.c.objc; path = IMBaseCell.m; sourceTree = "<group>"; };
		15FD39041D82A88B00970CD3 /* IMBaseTimeCell.h */ = {isa = PBXFileReference; fileEncoding = 4; lastKnownFileType = sourcecode.c.h; path = IMBaseTimeCell.h; sourceTree = "<group>"; };
		15FD39051D82A88B00970CD3 /* IMBaseTimeCell.m */ = {isa = PBXFileReference; fileEncoding = 4; lastKnownFileType = sourcecode.c.objc; path = IMBaseTimeCell.m; sourceTree = "<group>"; };
		15FD39061D82A88B00970CD3 /* IMChatMoreView.h */ = {isa = PBXFileReference; fileEncoding = 4; lastKnownFileType = sourcecode.c.h; path = IMChatMoreView.h; sourceTree = "<group>"; };
		15FD39071D82A88B00970CD3 /* IMChatMoreView.m */ = {isa = PBXFileReference; fileEncoding = 4; lastKnownFileType = sourcecode.c.objc; path = IMChatMoreView.m; sourceTree = "<group>"; };
		15FD39081D82A88B00970CD3 /* IMChatMoreView.xib */ = {isa = PBXFileReference; fileEncoding = 4; lastKnownFileType = file.xib; path = IMChatMoreView.xib; sourceTree = "<group>"; };
		15FD39091D82A88B00970CD3 /* IMChatToolBar.h */ = {isa = PBXFileReference; fileEncoding = 4; lastKnownFileType = sourcecode.c.h; path = IMChatToolBar.h; sourceTree = "<group>"; };
		15FD390A1D82A88B00970CD3 /* IMChatToolBar.m */ = {isa = PBXFileReference; fileEncoding = 4; lastKnownFileType = sourcecode.c.objc; path = IMChatToolBar.m; sourceTree = "<group>"; };
		15FD390B1D82A88B00970CD3 /* IMVoiceVolumeView.h */ = {isa = PBXFileReference; fileEncoding = 4; lastKnownFileType = sourcecode.c.h; path = IMVoiceVolumeView.h; sourceTree = "<group>"; };
		15FD390C1D82A88B00970CD3 /* IMVoiceVolumeView.m */ = {isa = PBXFileReference; fileEncoding = 4; lastKnownFileType = sourcecode.c.objc; path = IMVoiceVolumeView.m; sourceTree = "<group>"; };
		15FD390D1D82A88B00970CD3 /* ProgressView.h */ = {isa = PBXFileReference; fileEncoding = 4; lastKnownFileType = sourcecode.c.h; path = ProgressView.h; sourceTree = "<group>"; };
		15FD390E1D82A88B00970CD3 /* ProgressView.m */ = {isa = PBXFileReference; fileEncoding = 4; lastKnownFileType = sourcecode.c.objc; path = ProgressView.m; sourceTree = "<group>"; };
		15FD39341D82A90200970CD3 /* school_chat_audio_bg@2x.png */ = {isa = PBXFileReference; lastKnownFileType = image.png; path = "school_chat_audio_bg@2x.png"; sourceTree = "<group>"; };
		15FD39351D82A90200970CD3 /* school_chat_audio_bg@3x.png */ = {isa = PBXFileReference; lastKnownFileType = image.png; path = "school_chat_audio_bg@3x.png"; sourceTree = "<group>"; };
		15FD39361D82A90200970CD3 /* school_chat_audio_cancel@2x.png */ = {isa = PBXFileReference; lastKnownFileType = image.png; path = "school_chat_audio_cancel@2x.png"; sourceTree = "<group>"; };
		15FD39371D82A90200970CD3 /* school_chat_audio_cancel@3x.png */ = {isa = PBXFileReference; lastKnownFileType = image.png; path = "school_chat_audio_cancel@3x.png"; sourceTree = "<group>"; };
		15FD39381D82A90200970CD3 /* school_chat_audio_gth@2x.png */ = {isa = PBXFileReference; lastKnownFileType = image.png; path = "school_chat_audio_gth@2x.png"; sourceTree = "<group>"; };
		15FD39391D82A90200970CD3 /* school_chat_audio_gth@3x.png */ = {isa = PBXFileReference; lastKnownFileType = image.png; path = "school_chat_audio_gth@3x.png"; sourceTree = "<group>"; };
		15FD393A1D82A90200970CD3 /* school_chat_audio_mic@2x.png */ = {isa = PBXFileReference; lastKnownFileType = image.png; path = "school_chat_audio_mic@2x.png"; sourceTree = "<group>"; };
		15FD393B1D82A90200970CD3 /* school_chat_audio_mic@3x.png */ = {isa = PBXFileReference; lastKnownFileType = image.png; path = "school_chat_audio_mic@3x.png"; sourceTree = "<group>"; };
		15FD393C1D82A90200970CD3 /* school_chat_audio_volume1@2x.png */ = {isa = PBXFileReference; lastKnownFileType = image.png; path = "school_chat_audio_volume1@2x.png"; sourceTree = "<group>"; };
		15FD393D1D82A90200970CD3 /* school_chat_audio_volume1@3x.png */ = {isa = PBXFileReference; lastKnownFileType = image.png; path = "school_chat_audio_volume1@3x.png"; sourceTree = "<group>"; };
		15FD393E1D82A90200970CD3 /* school_chat_audio_volume2@2x.png */ = {isa = PBXFileReference; lastKnownFileType = image.png; path = "school_chat_audio_volume2@2x.png"; sourceTree = "<group>"; };
		15FD393F1D82A90200970CD3 /* school_chat_audio_volume2@3x.png */ = {isa = PBXFileReference; lastKnownFileType = image.png; path = "school_chat_audio_volume2@3x.png"; sourceTree = "<group>"; };
		15FD39401D82A90200970CD3 /* school_chat_audio_volume3@2x.png */ = {isa = PBXFileReference; lastKnownFileType = image.png; path = "school_chat_audio_volume3@2x.png"; sourceTree = "<group>"; };
		15FD39411D82A90200970CD3 /* school_chat_audio_volume3@3x.png */ = {isa = PBXFileReference; lastKnownFileType = image.png; path = "school_chat_audio_volume3@3x.png"; sourceTree = "<group>"; };
		15FD39421D82A90200970CD3 /* school_chat_audio_volume4@2x.png */ = {isa = PBXFileReference; lastKnownFileType = image.png; path = "school_chat_audio_volume4@2x.png"; sourceTree = "<group>"; };
		15FD39431D82A90200970CD3 /* school_chat_audio_volume4@3x.png */ = {isa = PBXFileReference; lastKnownFileType = image.png; path = "school_chat_audio_volume4@3x.png"; sourceTree = "<group>"; };
		15FD39441D82A90200970CD3 /* school_chat_audio_volume5@2x.png */ = {isa = PBXFileReference; lastKnownFileType = image.png; path = "school_chat_audio_volume5@2x.png"; sourceTree = "<group>"; };
		15FD39451D82A90200970CD3 /* school_chat_audio_volume5@3x.png */ = {isa = PBXFileReference; lastKnownFileType = image.png; path = "school_chat_audio_volume5@3x.png"; sourceTree = "<group>"; };
		15FD39461D82A90200970CD3 /* school_chat_emoticon@2x.png */ = {isa = PBXFileReference; lastKnownFileType = image.png; path = "school_chat_emoticon@2x.png"; sourceTree = "<group>"; };
		15FD39471D82A90200970CD3 /* school_chat_emoticon@3x.png */ = {isa = PBXFileReference; lastKnownFileType = image.png; path = "school_chat_emoticon@3x.png"; sourceTree = "<group>"; };
		15FD39481D82A90200970CD3 /* school_chat_keybord@2x.png */ = {isa = PBXFileReference; lastKnownFileType = image.png; path = "school_chat_keybord@2x.png"; sourceTree = "<group>"; };
		15FD39491D82A90200970CD3 /* school_chat_keybord@3x.png */ = {isa = PBXFileReference; lastKnownFileType = image.png; path = "school_chat_keybord@3x.png"; sourceTree = "<group>"; };
		15FD394A1D82A90200970CD3 /* school_chat_left_playaudio1@2x.png */ = {isa = PBXFileReference; lastKnownFileType = image.png; path = "school_chat_left_playaudio1@2x.png"; sourceTree = "<group>"; };
		15FD394B1D82A90200970CD3 /* school_chat_left_playaudio1@3x.png */ = {isa = PBXFileReference; lastKnownFileType = image.png; path = "school_chat_left_playaudio1@3x.png"; sourceTree = "<group>"; };
		15FD394C1D82A90200970CD3 /* school_chat_left_playaudio2@2x.png */ = {isa = PBXFileReference; lastKnownFileType = image.png; path = "school_chat_left_playaudio2@2x.png"; sourceTree = "<group>"; };
		15FD394D1D82A90200970CD3 /* school_chat_left_playaudio2@3x.png */ = {isa = PBXFileReference; lastKnownFileType = image.png; path = "school_chat_left_playaudio2@3x.png"; sourceTree = "<group>"; };
		15FD394E1D82A90200970CD3 /* school_chat_left_playaudio3@2x.png */ = {isa = PBXFileReference; lastKnownFileType = image.png; path = "school_chat_left_playaudio3@2x.png"; sourceTree = "<group>"; };
		15FD394F1D82A90200970CD3 /* school_chat_left_playaudio3@3x.png */ = {isa = PBXFileReference; lastKnownFileType = image.png; path = "school_chat_left_playaudio3@3x.png"; sourceTree = "<group>"; };
		15FD39501D82A90200970CD3 /* school_chat_more@2x.png */ = {isa = PBXFileReference; lastKnownFileType = image.png; path = "school_chat_more@2x.png"; sourceTree = "<group>"; };
		15FD39511D82A90200970CD3 /* school_chat_more@3x.png */ = {isa = PBXFileReference; lastKnownFileType = image.png; path = "school_chat_more@3x.png"; sourceTree = "<group>"; };
		15FD39521D82A90200970CD3 /* school_chat_not_read@2x.png */ = {isa = PBXFileReference; lastKnownFileType = image.png; path = "school_chat_not_read@2x.png"; sourceTree = "<group>"; };
		15FD39531D82A90200970CD3 /* school_chat_not_read@3x.png */ = {isa = PBXFileReference; lastKnownFileType = image.png; path = "school_chat_not_read@3x.png"; sourceTree = "<group>"; };
		15FD39541D82A90200970CD3 /* school_chat_people@2x.png */ = {isa = PBXFileReference; lastKnownFileType = image.png; path = "school_chat_people@2x.png"; sourceTree = "<group>"; };
		15FD39551D82A90200970CD3 /* school_chat_people@3x.png */ = {isa = PBXFileReference; lastKnownFileType = image.png; path = "school_chat_people@3x.png"; sourceTree = "<group>"; };
		15FD39561D82A90200970CD3 /* school_chat_photo@2x.png */ = {isa = PBXFileReference; lastKnownFileType = image.png; path = "school_chat_photo@2x.png"; sourceTree = "<group>"; };
		15FD39571D82A90200970CD3 /* school_chat_photo@3x.png */ = {isa = PBXFileReference; lastKnownFileType = image.png; path = "school_chat_photo@3x.png"; sourceTree = "<group>"; };
		15FD39581D82A90200970CD3 /* school_chat_playrecord_right@2x.png */ = {isa = PBXFileReference; lastKnownFileType = image.png; path = "school_chat_playrecord_right@2x.png"; sourceTree = "<group>"; };
		15FD39591D82A90200970CD3 /* school_chat_playrecord_right@3x.png */ = {isa = PBXFileReference; lastKnownFileType = image.png; path = "school_chat_playrecord_right@3x.png"; sourceTree = "<group>"; };
		15FD395A1D82A90200970CD3 /* school_chat_playrecord@2x.png */ = {isa = PBXFileReference; lastKnownFileType = image.png; path = "school_chat_playrecord@2x.png"; sourceTree = "<group>"; };
		15FD395B1D82A90200970CD3 /* school_chat_playrecord@3x.png */ = {isa = PBXFileReference; lastKnownFileType = image.png; path = "school_chat_playrecord@3x.png"; sourceTree = "<group>"; };
		15FD395C1D82A90200970CD3 /* school_chat_record@2x.png */ = {isa = PBXFileReference; lastKnownFileType = image.png; path = "school_chat_record@2x.png"; sourceTree = "<group>"; };
		15FD395D1D82A90200970CD3 /* school_chat_record@3x.png */ = {isa = PBXFileReference; lastKnownFileType = image.png; path = "school_chat_record@3x.png"; sourceTree = "<group>"; };
		15FD395E1D82A90200970CD3 /* school_chat_right_playaudio1@2x.png */ = {isa = PBXFileReference; lastKnownFileType = image.png; path = "school_chat_right_playaudio1@2x.png"; sourceTree = "<group>"; };
		15FD395F1D82A90200970CD3 /* school_chat_right_playaudio1@3x.png */ = {isa = PBXFileReference; lastKnownFileType = image.png; path = "school_chat_right_playaudio1@3x.png"; sourceTree = "<group>"; };
		15FD39601D82A90200970CD3 /* school_chat_right_playaudio2@2x.png */ = {isa = PBXFileReference; lastKnownFileType = image.png; path = "school_chat_right_playaudio2@2x.png"; sourceTree = "<group>"; };
		15FD39611D82A90200970CD3 /* school_chat_right_playaudio2@3x.png */ = {isa = PBXFileReference; lastKnownFileType = image.png; path = "school_chat_right_playaudio2@3x.png"; sourceTree = "<group>"; };
		15FD39621D82A90200970CD3 /* school_chat_right_playaudio3@2x.png */ = {isa = PBXFileReference; lastKnownFileType = image.png; path = "school_chat_right_playaudio3@2x.png"; sourceTree = "<group>"; };
		15FD39631D82A90200970CD3 /* school_chat_right_playaudio3@3x.png */ = {isa = PBXFileReference; lastKnownFileType = image.png; path = "school_chat_right_playaudio3@3x.png"; sourceTree = "<group>"; };
		15FD39641D82A90200970CD3 /* school_chat_sendfail@2x.png */ = {isa = PBXFileReference; lastKnownFileType = image.png; path = "school_chat_sendfail@2x.png"; sourceTree = "<group>"; };
		15FD39651D82A90200970CD3 /* school_chat_sendfail@3x.png */ = {isa = PBXFileReference; lastKnownFileType = image.png; path = "school_chat_sendfail@3x.png"; sourceTree = "<group>"; };
		15FD39661D82A90200970CD3 /* school_chat_student_leftbg@2x.png */ = {isa = PBXFileReference; lastKnownFileType = image.png; path = "school_chat_student_leftbg@2x.png"; sourceTree = "<group>"; };
		15FD39671D82A90200970CD3 /* school_chat_student_leftbg@3x.png */ = {isa = PBXFileReference; lastKnownFileType = image.png; path = "school_chat_student_leftbg@3x.png"; sourceTree = "<group>"; };
		15FD39681D82A90200970CD3 /* school_chat_student_rightbg@2x.png */ = {isa = PBXFileReference; lastKnownFileType = image.png; path = "school_chat_student_rightbg@2x.png"; sourceTree = "<group>"; };
		15FD39691D82A90200970CD3 /* school_chat_student_rightbg@3x.png */ = {isa = PBXFileReference; lastKnownFileType = image.png; path = "school_chat_student_rightbg@3x.png"; sourceTree = "<group>"; };
		15FD396A1D82A90200970CD3 /* school_chat_studentcell_bg@2x.png */ = {isa = PBXFileReference; lastKnownFileType = image.png; path = "school_chat_studentcell_bg@2x.png"; sourceTree = "<group>"; };
		15FD396B1D82A90200970CD3 /* school_chat_studentcell_bg@3x.png */ = {isa = PBXFileReference; lastKnownFileType = image.png; path = "school_chat_studentcell_bg@3x.png"; sourceTree = "<group>"; };
		15FD396C1D82A90200970CD3 /* school_chat_takephoto@2x.png */ = {isa = PBXFileReference; lastKnownFileType = image.png; path = "school_chat_takephoto@2x.png"; sourceTree = "<group>"; };
		15FD396D1D82A90200970CD3 /* school_chat_takephoto@3x.png */ = {isa = PBXFileReference; lastKnownFileType = image.png; path = "school_chat_takephoto@3x.png"; sourceTree = "<group>"; };
		15FD396E1D82A90200970CD3 /* school_chat_takevedio@2x.png */ = {isa = PBXFileReference; lastKnownFileType = image.png; path = "school_chat_takevedio@2x.png"; sourceTree = "<group>"; };
		15FD396F1D82A90200970CD3 /* school_chat_takevedio@3x.png */ = {isa = PBXFileReference; lastKnownFileType = image.png; path = "school_chat_takevedio@3x.png"; sourceTree = "<group>"; };
		15FD39701D82A90200970CD3 /* school_chat_teachercell_bg@2x.png */ = {isa = PBXFileReference; lastKnownFileType = image.png; path = "school_chat_teachercell_bg@2x.png"; sourceTree = "<group>"; };
		15FD39711D82A90200970CD3 /* school_chat_teachercell_bg@3x.png */ = {isa = PBXFileReference; lastKnownFileType = image.png; path = "school_chat_teachercell_bg@3x.png"; sourceTree = "<group>"; };
		15FD39721D82A90200970CD3 /* school_chat_unread_ bubble@@3x.png */ = {isa = PBXFileReference; lastKnownFileType = image.png; path = "school_chat_unread_ bubble@@3x.png"; sourceTree = "<group>"; };
		15FD39731D82A90200970CD3 /* school_chat_unread_ bubble@2x.png */ = {isa = PBXFileReference; lastKnownFileType = image.png; path = "school_chat_unread_ bubble@2x.png"; sourceTree = "<group>"; };
		15FD39741D82A90200970CD3 /* school_chat_vedio_download@2x.png */ = {isa = PBXFileReference; lastKnownFileType = image.png; path = "school_chat_vedio_download@2x.png"; sourceTree = "<group>"; };
		15FD39751D82A90200970CD3 /* school_chat_vedio_download@3x.png */ = {isa = PBXFileReference; lastKnownFileType = image.png; path = "school_chat_vedio_download@3x.png"; sourceTree = "<group>"; };
		15FD39761D82A90200970CD3 /* school_chat_vedio_play@2x.png */ = {isa = PBXFileReference; lastKnownFileType = image.png; path = "school_chat_vedio_play@2x.png"; sourceTree = "<group>"; };
		15FD39771D82A90200970CD3 /* school_chat_vedio_play@3x.png */ = {isa = PBXFileReference; lastKnownFileType = image.png; path = "school_chat_vedio_play@3x.png"; sourceTree = "<group>"; };
/* End PBXFileReference section */

/* Begin PBXFrameworksBuildPhase section */
		15FD38131D82A7B600970CD3 /* Frameworks */ = {
			isa = PBXFrameworksBuildPhase;
			buildActionMask = 2147483647;
			files = (
				15FD39101D82A88B00970CD3 /* libmp3lame.a in Frameworks */,
			);
			runOnlyForDeploymentPostprocessing = 0;
		};
		15FD382C1D82A7B600970CD3 /* Frameworks */ = {
			isa = PBXFrameworksBuildPhase;
			buildActionMask = 2147483647;
			files = (
			);
			runOnlyForDeploymentPostprocessing = 0;
		};
		15FD38371D82A7B600970CD3 /* Frameworks */ = {
			isa = PBXFrameworksBuildPhase;
			buildActionMask = 2147483647;
			files = (
			);
			runOnlyForDeploymentPostprocessing = 0;
		};
/* End PBXFrameworksBuildPhase section */

/* Begin PBXGroup section */
		15FD380D1D82A7B600970CD3 = {
			isa = PBXGroup;
			children = (
				15FD38C01D82A88B00970CD3 /* ChatUI */,
				15FD38181D82A7B600970CD3 /* FMChatDemo */,
				15FD38321D82A7B600970CD3 /* FMChatDemoTests */,
				15FD383D1D82A7B600970CD3 /* FMChatDemoUITests */,
				15FD38171D82A7B600970CD3 /* Products */,
			);
			sourceTree = "<group>";
		};
		15FD38171D82A7B600970CD3 /* Products */ = {
			isa = PBXGroup;
			children = (
				15FD38161D82A7B600970CD3 /* FMChatDemo.app */,
				15FD382F1D82A7B600970CD3 /* FMChatDemoTests.xctest */,
				15FD383A1D82A7B600970CD3 /* FMChatDemoUITests.xctest */,
			);
			name = Products;
			sourceTree = "<group>";
		};
		15FD38181D82A7B600970CD3 /* FMChatDemo */ = {
			isa = PBXGroup;
			children = (
				15FD381C1D82A7B600970CD3 /* AppDelegate.h */,
				15FD381D1D82A7B600970CD3 /* AppDelegate.m */,
				15FD381F1D82A7B600970CD3 /* ViewController.h */,
				15FD38201D82A7B600970CD3 /* ViewController.m */,
				15FD38221D82A7B600970CD3 /* Main.storyboard */,
				15FD38251D82A7B600970CD3 /* Assets.xcassets */,
				15FD38271D82A7B600970CD3 /* LaunchScreen.storyboard */,
				15FD382A1D82A7B600970CD3 /* Info.plist */,
				15FD38191D82A7B600970CD3 /* Supporting Files */,
			);
			path = FMChatDemo;
			sourceTree = "<group>";
		};
		15FD38191D82A7B600970CD3 /* Supporting Files */ = {
			isa = PBXGroup;
			children = (
				15FD381A1D82A7B600970CD3 /* main.m */,
			);
			name = "Supporting Files";
			sourceTree = "<group>";
		};
		15FD38321D82A7B600970CD3 /* FMChatDemoTests */ = {
			isa = PBXGroup;
			children = (
				15FD38331D82A7B600970CD3 /* FMChatDemoTests.m */,
				15FD38351D82A7B600970CD3 /* Info.plist */,
			);
			path = FMChatDemoTests;
			sourceTree = "<group>";
		};
		15FD383D1D82A7B600970CD3 /* FMChatDemoUITests */ = {
			isa = PBXGroup;
			children = (
				15FD383E1D82A7B600970CD3 /* FMChatDemoUITests.m */,
				15FD38401D82A7B600970CD3 /* Info.plist */,
			);
			path = FMChatDemoUITests;
			sourceTree = "<group>";
		};
		15FD38C01D82A88B00970CD3 /* ChatUI */ = {
			isa = PBXGroup;
			children = (
				15FD38C11D82A88B00970CD3 /* Controller */,
				15FD38C41D82A88B00970CD3 /* LIB */,
				15FD38C71D82A88B00970CD3 /* Model */,
				15FD38CE1D82A88B00970CD3 /* Resouce */,
				15FD38CF1D82A88B00970CD3 /* Tool */,
				15FD39011D82A88B00970CD3 /* View */,
			);
			path = ChatUI;
			sourceTree = "<group>";
		};
		15FD38C11D82A88B00970CD3 /* Controller */ = {
			isa = PBXGroup;
			children = (
				15FD38C21D82A88B00970CD3 /* IMBaseTableController.h */,
				15FD38C31D82A88B00970CD3 /* IMBaseTableController.m */,
			);
			path = Controller;
			sourceTree = "<group>";
		};
		15FD38C41D82A88B00970CD3 /* LIB */ = {
			isa = PBXGroup;
			children = (
				15FD38C51D82A88B00970CD3 /* lame.h */,
				15FD38C61D82A88B00970CD3 /* libmp3lame.a */,
			);
			path = LIB;
			sourceTree = "<group>";
		};
		15FD38C71D82A88B00970CD3 /* Model */ = {
			isa = PBXGroup;
			children = (
				15FD38C81D82A88B00970CD3 /* IMBaseItem.h */,
				15FD38C91D82A88B00970CD3 /* IMBaseItem.m */,
				15FD38CA1D82A88B00970CD3 /* IMBaseItemTool.h */,
				15FD38CB1D82A88B00970CD3 /* IMBaseItemTool.m */,
				15FD38CC1D82A88B00970CD3 /* IMMessageBody.h */,
				15FD38CD1D82A88B00970CD3 /* IMMessageBody.m */,
			);
			path = Model;
			sourceTree = "<group>";
		};
		15FD38CE1D82A88B00970CD3 /* Resouce */ = {
			isa = PBXGroup;
			children = (
				15FD39341D82A90200970CD3 /* school_chat_audio_bg@2x.png */,
				15FD39351D82A90200970CD3 /* school_chat_audio_bg@3x.png */,
				15FD39361D82A90200970CD3 /* school_chat_audio_cancel@2x.png */,
				15FD39371D82A90200970CD3 /* school_chat_audio_cancel@3x.png */,
				15FD39381D82A90200970CD3 /* school_chat_audio_gth@2x.png */,
				15FD39391D82A90200970CD3 /* school_chat_audio_gth@3x.png */,
				15FD393A1D82A90200970CD3 /* school_chat_audio_mic@2x.png */,
				15FD393B1D82A90200970CD3 /* school_chat_audio_mic@3x.png */,
				15FD393C1D82A90200970CD3 /* school_chat_audio_volume1@2x.png */,
				15FD393D1D82A90200970CD3 /* school_chat_audio_volume1@3x.png */,
				15FD393E1D82A90200970CD3 /* school_chat_audio_volume2@2x.png */,
				15FD393F1D82A90200970CD3 /* school_chat_audio_volume2@3x.png */,
				15FD39401D82A90200970CD3 /* school_chat_audio_volume3@2x.png */,
				15FD39411D82A90200970CD3 /* school_chat_audio_volume3@3x.png */,
				15FD39421D82A90200970CD3 /* school_chat_audio_volume4@2x.png */,
				15FD39431D82A90200970CD3 /* school_chat_audio_volume4@3x.png */,
				15FD39441D82A90200970CD3 /* school_chat_audio_volume5@2x.png */,
				15FD39451D82A90200970CD3 /* school_chat_audio_volume5@3x.png */,
				15FD39461D82A90200970CD3 /* school_chat_emoticon@2x.png */,
				15FD39471D82A90200970CD3 /* school_chat_emoticon@3x.png */,
				15FD39481D82A90200970CD3 /* school_chat_keybord@2x.png */,
				15FD39491D82A90200970CD3 /* school_chat_keybord@3x.png */,
				15FD394A1D82A90200970CD3 /* school_chat_left_playaudio1@2x.png */,
				15FD394B1D82A90200970CD3 /* school_chat_left_playaudio1@3x.png */,
				15FD394C1D82A90200970CD3 /* school_chat_left_playaudio2@2x.png */,
				15FD394D1D82A90200970CD3 /* school_chat_left_playaudio2@3x.png */,
				15FD394E1D82A90200970CD3 /* school_chat_left_playaudio3@2x.png */,
				15FD394F1D82A90200970CD3 /* school_chat_left_playaudio3@3x.png */,
				15FD39501D82A90200970CD3 /* school_chat_more@2x.png */,
				15FD39511D82A90200970CD3 /* school_chat_more@3x.png */,
				15FD39521D82A90200970CD3 /* school_chat_not_read@2x.png */,
				15FD39531D82A90200970CD3 /* school_chat_not_read@3x.png */,
				15FD39541D82A90200970CD3 /* school_chat_people@2x.png */,
				15FD39551D82A90200970CD3 /* school_chat_people@3x.png */,
				15FD39561D82A90200970CD3 /* school_chat_photo@2x.png */,
				15FD39571D82A90200970CD3 /* school_chat_photo@3x.png */,
				15FD39581D82A90200970CD3 /* school_chat_playrecord_right@2x.png */,
				15FD39591D82A90200970CD3 /* school_chat_playrecord_right@3x.png */,
				15FD395A1D82A90200970CD3 /* school_chat_playrecord@2x.png */,
				15FD395B1D82A90200970CD3 /* school_chat_playrecord@3x.png */,
				15FD395C1D82A90200970CD3 /* school_chat_record@2x.png */,
				15FD395D1D82A90200970CD3 /* school_chat_record@3x.png */,
				15FD395E1D82A90200970CD3 /* school_chat_right_playaudio1@2x.png */,
				15FD395F1D82A90200970CD3 /* school_chat_right_playaudio1@3x.png */,
				15FD39601D82A90200970CD3 /* school_chat_right_playaudio2@2x.png */,
				15FD39611D82A90200970CD3 /* school_chat_right_playaudio2@3x.png */,
				15FD39621D82A90200970CD3 /* school_chat_right_playaudio3@2x.png */,
				15FD39631D82A90200970CD3 /* school_chat_right_playaudio3@3x.png */,
				15FD39641D82A90200970CD3 /* school_chat_sendfail@2x.png */,
				15FD39651D82A90200970CD3 /* school_chat_sendfail@3x.png */,
				15FD39661D82A90200970CD3 /* school_chat_student_leftbg@2x.png */,
				15FD39671D82A90200970CD3 /* school_chat_student_leftbg@3x.png */,
				15FD39681D82A90200970CD3 /* school_chat_student_rightbg@2x.png */,
				15FD39691D82A90200970CD3 /* school_chat_student_rightbg@3x.png */,
				15FD396A1D82A90200970CD3 /* school_chat_studentcell_bg@2x.png */,
				15FD396B1D82A90200970CD3 /* school_chat_studentcell_bg@3x.png */,
				15FD396C1D82A90200970CD3 /* school_chat_takephoto@2x.png */,
				15FD396D1D82A90200970CD3 /* school_chat_takephoto@3x.png */,
				15FD396E1D82A90200970CD3 /* school_chat_takevedio@2x.png */,
				15FD396F1D82A90200970CD3 /* school_chat_takevedio@3x.png */,
				15FD39701D82A90200970CD3 /* school_chat_teachercell_bg@2x.png */,
				15FD39711D82A90200970CD3 /* school_chat_teachercell_bg@3x.png */,
				15FD39721D82A90200970CD3 /* school_chat_unread_ bubble@@3x.png */,
				15FD39731D82A90200970CD3 /* school_chat_unread_ bubble@2x.png */,
				15FD39741D82A90200970CD3 /* school_chat_vedio_download@2x.png */,
				15FD39751D82A90200970CD3 /* school_chat_vedio_download@3x.png */,
				15FD39761D82A90200970CD3 /* school_chat_vedio_play@2x.png */,
				15FD39771D82A90200970CD3 /* school_chat_vedio_play@3x.png */,
			);
			path = Resouce;
			sourceTree = "<group>";
		};
		15FD38CF1D82A88B00970CD3 /* Tool */ = {
			isa = PBXGroup;
			children = (
				15FD38D01D82A88B00970CD3 /* EmoticonKeyboard */,
				15FD38E81D82A88B00970CD3 /* GTMBase64.h */,
				15FD38E91D82A88B00970CD3 /* GTMBase64.m */,
				15FD38EA1D82A88B00970CD3 /* GTMDefines.h */,
				15FD38EB1D82A88B00970CD3 /* IMAudioTool.h */,
				15FD38EC1D82A88B00970CD3 /* IMAudioTool.m */,
				15FD38ED1D82A88B00970CD3 /* IMBaseAttribute.h */,
				15FD38EE1D82A88B00970CD3 /* IMBaseAttribute.m */,
				15FD38EF1D82A88B00970CD3 /* IMDownloadManager.h */,
				15FD38F01D82A88B00970CD3 /* IMDownloadManager.m */,
				15FD38F11D82A88B00970CD3 /* IMGroupUserTool.h */,
				15FD38F21D82A88B00970CD3 /* IMGroupUserTool.m */,
				15FD38F31D82A88B00970CD3 /* IMImagePickerManager.h */,
				15FD38F41D82A88B00970CD3 /* IMImagePickerManager.m */,
				15FD38F51D82A88B00970CD3 /* IMPhotoBrowseController.h */,
				15FD38F61D82A88B00970CD3 /* IMPhotoBrowseController.m */,
				15FD38F71D82A88B00970CD3 /* IMSQLiteTool.h */,
				15FD38F81D82A88B00970CD3 /* IMSQLiteTool.m */,
				15FD38F91D82A88B00970CD3 /* IMUploadManager.h */,
				15FD38FA1D82A88B00970CD3 /* IMUploadManager.m */,
				15FD38FB1D82A88B00970CD3 /* IMUserItem.h */,
				15FD38FC1D82A88B00970CD3 /* IMUserItem.m */,
				15FD38FD1D82A88B00970CD3 /* NSData+AES.h */,
				15FD38FE1D82A88B00970CD3 /* NSData+AES.m */,
				15FD38FF1D82A88B00970CD3 /* SignalRClient.h */,
				15FD39001D82A88B00970CD3 /* SignalRClient.m */,
			);
			path = Tool;
			sourceTree = "<group>";
		};
		15FD38D01D82A88B00970CD3 /* EmoticonKeyboard */ = {
			isa = PBXGroup;
			children = (
				15FD38D11D82A88B00970CD3 /* IMEmoticonConverter.h */,
				15FD38D21D82A88B00970CD3 /* IMEmoticonConverter.m */,
				15FD38D31D82A88B00970CD3 /* YZEmotionKeyboard */,
			);
			path = EmoticonKeyboard;
			sourceTree = "<group>";
		};
		15FD38D31D82A88B00970CD3 /* YZEmotionKeyboard */ = {
			isa = PBXGroup;
			children = (
				15FD38D41D82A88B00970CD3 /* Resource */,
				15FD38D81D82A88B00970CD3 /* UITextField+YZEmotion.h */,
				15FD38D91D82A88B00970CD3 /* UITextField+YZEmotion.m */,
				15FD38DA1D82A88B00970CD3 /* UITextView+YZEmotion.h */,
				15FD38DB1D82A88B00970CD3 /* UITextView+YZEmotion.m */,
				15FD38DC1D82A88B00970CD3 /* YZEmotionCell.h */,
				15FD38DD1D82A88B00970CD3 /* YZEmotionCell.m */,
				15FD38DE1D82A88B00970CD3 /* YZEmotionCell.xib */,
				15FD38DF1D82A88B00970CD3 /* YZEmotionKeyboard.h */,
				15FD38E01D82A88B00970CD3 /* YZEmotionKeyboard.m */,
				15FD38E11D82A88B00970CD3 /* YZEmotionKeyboard.xib */,
				15FD38E21D82A88B00970CD3 /* YZEmotionManager.h */,
				15FD38E31D82A88B00970CD3 /* YZEmotionManager.m */,
				15FD38E41D82A88B00970CD3 /* YZEmotionPageCell.h */,
				15FD38E51D82A88B00970CD3 /* YZEmotionPageCell.m */,
				15FD38E61D82A88B00970CD3 /* YZTextAttachment.h */,
				15FD38E71D82A88B00970CD3 /* YZTextAttachment.m */,
			);
			path = YZEmotionKeyboard;
			sourceTree = "<group>";
		};
		15FD38D41D82A88B00970CD3 /* Resource */ = {
			isa = PBXGroup;
			children = (
				15FD38D51D82A88B00970CD3 /* Emotion.bundle */,
				15FD38D61D82A88B00970CD3 /* emotion.plist */,
				15FD38D71D82A88B00970CD3 /* emotionToText.plist */,
			);
			path = Resource;
			sourceTree = "<group>";
		};
		15FD39011D82A88B00970CD3 /* View */ = {
			isa = PBXGroup;
			children = (
				15FD39021D82A88B00970CD3 /* IMBaseCell.h */,
				15FD39031D82A88B00970CD3 /* IMBaseCell.m */,
				15FD39041D82A88B00970CD3 /* IMBaseTimeCell.h */,
				15FD39051D82A88B00970CD3 /* IMBaseTimeCell.m */,
				15FD39061D82A88B00970CD3 /* IMChatMoreView.h */,
				15FD39071D82A88B00970CD3 /* IMChatMoreView.m */,
				15FD39081D82A88B00970CD3 /* IMChatMoreView.xib */,
				15FD39091D82A88B00970CD3 /* IMChatToolBar.h */,
				15FD390A1D82A88B00970CD3 /* IMChatToolBar.m */,
				15FD390B1D82A88B00970CD3 /* IMVoiceVolumeView.h */,
				15FD390C1D82A88B00970CD3 /* IMVoiceVolumeView.m */,
				15FD390D1D82A88B00970CD3 /* ProgressView.h */,
				15FD390E1D82A88B00970CD3 /* ProgressView.m */,
			);
			path = View;
			sourceTree = "<group>";
		};
/* End PBXGroup section */

/* Begin PBXNativeTarget section */
		15FD38151D82A7B600970CD3 /* FMChatDemo */ = {
			isa = PBXNativeTarget;
			buildConfigurationList = 15FD38431D82A7B600970CD3 /* Build configuration list for PBXNativeTarget "FMChatDemo" */;
			buildPhases = (
				15FD38121D82A7B600970CD3 /* Sources */,
				15FD38131D82A7B600970CD3 /* Frameworks */,
				15FD38141D82A7B600970CD3 /* Resources */,
			);
			buildRules = (
			);
			dependencies = (
			);
			name = FMChatDemo;
			productName = FMChatDemo;
			productReference = 15FD38161D82A7B600970CD3 /* FMChatDemo.app */;
			productType = "com.apple.product-type.application";
		};
		15FD382E1D82A7B600970CD3 /* FMChatDemoTests */ = {
			isa = PBXNativeTarget;
			buildConfigurationList = 15FD38461D82A7B600970CD3 /* Build configuration list for PBXNativeTarget "FMChatDemoTests" */;
			buildPhases = (
				15FD382B1D82A7B600970CD3 /* Sources */,
				15FD382C1D82A7B600970CD3 /* Frameworks */,
				15FD382D1D82A7B600970CD3 /* Resources */,
			);
			buildRules = (
			);
			dependencies = (
				15FD38311D82A7B600970CD3 /* PBXTargetDependency */,
			);
			name = FMChatDemoTests;
			productName = FMChatDemoTests;
			productReference = 15FD382F1D82A7B600970CD3 /* FMChatDemoTests.xctest */;
			productType = "com.apple.product-type.bundle.unit-test";
		};
		15FD38391D82A7B600970CD3 /* FMChatDemoUITests */ = {
			isa = PBXNativeTarget;
			buildConfigurationList = 15FD38491D82A7B600970CD3 /* Build configuration list for PBXNativeTarget "FMChatDemoUITests" */;
			buildPhases = (
				15FD38361D82A7B600970CD3 /* Sources */,
				15FD38371D82A7B600970CD3 /* Frameworks */,
				15FD38381D82A7B600970CD3 /* Resources */,
			);
			buildRules = (
			);
			dependencies = (
				15FD383C1D82A7B600970CD3 /* PBXTargetDependency */,
			);
			name = FMChatDemoUITests;
			productName = FMChatDemoUITests;
			productReference = 15FD383A1D82A7B600970CD3 /* FMChatDemoUITests.xctest */;
			productType = "com.apple.product-type.bundle.ui-testing";
		};
/* End PBXNativeTarget section */

/* Begin PBXProject section */
		15FD380E1D82A7B600970CD3 /* Project object */ = {
			isa = PBXProject;
			attributes = {
				LastUpgradeCheck = 0720;
				ORGANIZATIONNAME = "周发明";
				TargetAttributes = {
					15FD38151D82A7B600970CD3 = {
						CreatedOnToolsVersion = 7.2.1;
					};
					15FD382E1D82A7B600970CD3 = {
						CreatedOnToolsVersion = 7.2.1;
						TestTargetID = 15FD38151D82A7B600970CD3;
					};
					15FD38391D82A7B600970CD3 = {
						CreatedOnToolsVersion = 7.2.1;
						TestTargetID = 15FD38151D82A7B600970CD3;
					};
				};
			};
			buildConfigurationList = 15FD38111D82A7B600970CD3 /* Build configuration list for PBXProject "FMChatDemo" */;
			compatibilityVersion = "Xcode 3.2";
			developmentRegion = English;
			hasScannedForEncodings = 0;
			knownRegions = (
				en,
				Base,
			);
			mainGroup = 15FD380D1D82A7B600970CD3;
			productRefGroup = 15FD38171D82A7B600970CD3 /* Products */;
			projectDirPath = "";
			projectRoot = "";
			targets = (
				15FD38151D82A7B600970CD3 /* FMChatDemo */,
				15FD382E1D82A7B600970CD3 /* FMChatDemoTests */,
				15FD38391D82A7B600970CD3 /* FMChatDemoUITests */,
			);
		};
/* End PBXProject section */

/* Begin PBXResourcesBuildPhase section */
		15FD38141D82A7B600970CD3 /* Resources */ = {
			isa = PBXResourcesBuildPhase;
			buildActionMask = 2147483647;
			files = (
				15FD39A91D82A90200970CD3 /* school_chat_sendfail@3x.png in Resources */,
				15FD39811D82A90200970CD3 /* school_chat_audio_volume1@3x.png in Resources */,
				15FD39AA1D82A90200970CD3 /* school_chat_student_leftbg@2x.png in Resources */,
				15FD39941D82A90200970CD3 /* school_chat_more@2x.png in Resources */,
				15FD39B11D82A90200970CD3 /* school_chat_takephoto@3x.png in Resources */,
				15FD39AF1D82A90200970CD3 /* school_chat_studentcell_bg@3x.png in Resources */,
				15FD38291D82A7B600970CD3 /* LaunchScreen.storyboard in Resources */,
				15FD39BB1D82A90200970CD3 /* school_chat_vedio_play@3x.png in Resources */,
				15FD39B21D82A90200970CD3 /* school_chat_takevedio@2x.png in Resources */,
				15FD39B31D82A90200970CD3 /* school_chat_takevedio@3x.png in Resources */,
				15FD39991D82A90200970CD3 /* school_chat_people@3x.png in Resources */,
				15FD398F1D82A90200970CD3 /* school_chat_left_playaudio1@3x.png in Resources */,
				15FD398D1D82A90200970CD3 /* school_chat_keybord@3x.png in Resources */,
				15FD39BA1D82A90200970CD3 /* school_chat_vedio_play@2x.png in Resources */,
				15FD39A61D82A90200970CD3 /* school_chat_right_playaudio3@2x.png in Resources */,
				15FD39841D82A90200970CD3 /* school_chat_audio_volume3@2x.png in Resources */,
				15FD39951D82A90200970CD3 /* school_chat_more@3x.png in Resources */,
				15FD39151D82A88B00970CD3 /* Emotion.bundle in Resources */,
				15FD399B1D82A90200970CD3 /* school_chat_photo@3x.png in Resources */,
				15FD39301D82A88B00970CD3 /* IMChatMoreView.xib in Resources */,
				15FD39821D82A90200970CD3 /* school_chat_audio_volume2@2x.png in Resources */,
				15FD39961D82A90200970CD3 /* school_chat_not_read@2x.png in Resources */,
				15FD397F1D82A90200970CD3 /* school_chat_audio_mic@3x.png in Resources */,
				15FD398E1D82A90200970CD3 /* school_chat_left_playaudio1@2x.png in Resources */,
				15FD39891D82A90200970CD3 /* school_chat_audio_volume5@3x.png in Resources */,
				15FD398A1D82A90200970CD3 /* school_chat_emoticon@2x.png in Resources */,
				15FD39A41D82A90200970CD3 /* school_chat_right_playaudio2@2x.png in Resources */,
				15FD39981D82A90200970CD3 /* school_chat_people@2x.png in Resources */,
				15FD39A51D82A90200970CD3 /* school_chat_right_playaudio2@3x.png in Resources */,
				15FD39161D82A88B00970CD3 /* emotion.plist in Resources */,
				15FD39831D82A90200970CD3 /* school_chat_audio_volume2@3x.png in Resources */,
				15FD39B01D82A90200970CD3 /* school_chat_takephoto@2x.png in Resources */,
				15FD39AE1D82A90200970CD3 /* school_chat_studentcell_bg@2x.png in Resources */,
				15FD397D1D82A90200970CD3 /* school_chat_audio_gth@3x.png in Resources */,
				15FD397B1D82A90200970CD3 /* school_chat_audio_cancel@3x.png in Resources */,
				15FD399A1D82A90200970CD3 /* school_chat_photo@2x.png in Resources */,
				15FD391B1D82A88B00970CD3 /* YZEmotionCell.xib in Resources */,
				15FD399D1D82A90200970CD3 /* school_chat_playrecord_right@3x.png in Resources */,
				15FD39971D82A90200970CD3 /* school_chat_not_read@3x.png in Resources */,
				15FD39791D82A90200970CD3 /* school_chat_audio_bg@3x.png in Resources */,
				15FD39AD1D82A90200970CD3 /* school_chat_student_rightbg@3x.png in Resources */,
				15FD397C1D82A90200970CD3 /* school_chat_audio_gth@2x.png in Resources */,
				15FD39B61D82A90200970CD3 /* school_chat_unread_ bubble@@3x.png in Resources */,
				15FD39B71D82A90200970CD3 /* school_chat_unread_ bubble@2x.png in Resources */,
				15FD397E1D82A90200970CD3 /* school_chat_audio_mic@2x.png in Resources */,
				15FD39851D82A90200970CD3 /* school_chat_audio_volume3@3x.png in Resources */,
				15FD39B41D82A90200970CD3 /* school_chat_teachercell_bg@2x.png in Resources */,
				15FD398B1D82A90200970CD3 /* school_chat_emoticon@3x.png in Resources */,
				15FD39B51D82A90200970CD3 /* school_chat_teachercell_bg@3x.png in Resources */,
				15FD39A01D82A90200970CD3 /* school_chat_record@2x.png in Resources */,
				15FD399C1D82A90200970CD3 /* school_chat_playrecord_right@2x.png in Resources */,
				15FD399F1D82A90200970CD3 /* school_chat_playrecord@3x.png in Resources */,
				15FD39861D82A90200970CD3 /* school_chat_audio_volume4@2x.png in Resources */,
				15FD38261D82A7B600970CD3 /* Assets.xcassets in Resources */,
				15FD391D1D82A88B00970CD3 /* YZEmotionKeyboard.xib in Resources */,
				15FD39931D82A90200970CD3 /* school_chat_left_playaudio3@3x.png in Resources */,
				15FD39A31D82A90200970CD3 /* school_chat_right_playaudio1@3x.png in Resources */,
				15FD39171D82A88B00970CD3 /* emotionToText.plist in Resources */,
				15FD399E1D82A90200970CD3 /* school_chat_playrecord@2x.png in Resources */,
				15FD398C1D82A90200970CD3 /* school_chat_keybord@2x.png in Resources */,
				15FD39901D82A90200970CD3 /* school_chat_left_playaudio2@2x.png in Resources */,
				15FD397A1D82A90200970CD3 /* school_chat_audio_cancel@2x.png in Resources */,
				15FD39A71D82A90200970CD3 /* school_chat_right_playaudio3@3x.png in Resources */,
				15FD39781D82A90200970CD3 /* school_chat_audio_bg@2x.png in Resources */,
				15FD39A21D82A90200970CD3 /* school_chat_right_playaudio1@2x.png in Resources */,
				15FD39B91D82A90200970CD3 /* school_chat_vedio_download@3x.png in Resources */,
				15FD39881D82A90200970CD3 /* school_chat_audio_volume5@2x.png in Resources */,
				15FD39AB1D82A90200970CD3 /* school_chat_student_leftbg@3x.png in Resources */,
				15FD39801D82A90200970CD3 /* school_chat_audio_volume1@2x.png in Resources */,
				15FD39A11D82A90200970CD3 /* school_chat_record@3x.png in Resources */,
				15FD39911D82A90200970CD3 /* school_chat_left_playaudio2@3x.png in Resources */,
				15FD38241D82A7B600970CD3 /* Main.storyboard in Resources */,
				15FD39AC1D82A90200970CD3 /* school_chat_student_rightbg@2x.png in Resources */,
				15FD39B81D82A90200970CD3 /* school_chat_vedio_download@2x.png in Resources */,
				15FD39921D82A90200970CD3 /* school_chat_left_playaudio3@2x.png in Resources */,
				15FD39A81D82A90200970CD3 /* school_chat_sendfail@2x.png in Resources */,
				15FD39871D82A90200970CD3 /* school_chat_audio_volume4@3x.png in Resources */,
			);
			runOnlyForDeploymentPostprocessing = 0;
		};
		15FD382D1D82A7B600970CD3 /* Resources */ = {
			isa = PBXResourcesBuildPhase;
			buildActionMask = 2147483647;
			files = (
			);
			runOnlyForDeploymentPostprocessing = 0;
		};
		15FD38381D82A7B600970CD3 /* Resources */ = {
			isa = PBXResourcesBuildPhase;
			buildActionMask = 2147483647;
			files = (
			);
			runOnlyForDeploymentPostprocessing = 0;
		};
/* End PBXResourcesBuildPhase section */

/* Begin PBXSourcesBuildPhase section */
		15FD38121D82A7B600970CD3 /* Sources */ = {
			isa = PBXSourcesBuildPhase;
			buildActionMask = 2147483647;
			files = (
				15FD39281D82A88B00970CD3 /* IMSQLiteTool.m in Sources */,
				15FD39221D82A88B00970CD3 /* IMAudioTool.m in Sources */,
				15FD38211D82A7B600970CD3 /* ViewController.m in Sources */,
				15FD392F1D82A88B00970CD3 /* IMChatMoreView.m in Sources */,
				15FD392C1D82A88B00970CD3 /* SignalRClient.m in Sources */,
				15FD39131D82A88B00970CD3 /* IMMessageBody.m in Sources */,
				15FD392E1D82A88B00970CD3 /* IMBaseTimeCell.m in Sources */,
				15FD39201D82A88B00970CD3 /* YZTextAttachment.m in Sources */,
				15FD39211D82A88B00970CD3 /* GTMBase64.m in Sources */,
				15FD381E1D82A7B600970CD3 /* AppDelegate.m in Sources */,
				15FD391F1D82A88B00970CD3 /* YZEmotionPageCell.m in Sources */,
				15FD39261D82A88B00970CD3 /* IMImagePickerManager.m in Sources */,
				15FD381B1D82A7B600970CD3 /* main.m in Sources */,
				15FD39321D82A88B00970CD3 /* IMVoiceVolumeView.m in Sources */,
				15FD39251D82A88B00970CD3 /* IMGroupUserTool.m in Sources */,
				15FD39141D82A88B00970CD3 /* IMEmoticonConverter.m in Sources */,
				15FD39231D82A88B00970CD3 /* IMBaseAttribute.m in Sources */,
				15FD39121D82A88B00970CD3 /* IMBaseItemTool.m in Sources */,
				15FD391A1D82A88B00970CD3 /* YZEmotionCell.m in Sources */,
				15FD392D1D82A88B00970CD3 /* IMBaseCell.m in Sources */,
				15FD39331D82A88B00970CD3 /* ProgressView.m in Sources */,
				15FD39271D82A88B00970CD3 /* IMPhotoBrowseController.m in Sources */,
				15FD390F1D82A88B00970CD3 /* IMBaseTableController.m in Sources */,
				15FD391E1D82A88B00970CD3 /* YZEmotionManager.m in Sources */,
				15FD392A1D82A88B00970CD3 /* IMUserItem.m in Sources */,
				15FD39291D82A88B00970CD3 /* IMUploadManager.m in Sources */,
				15FD39241D82A88B00970CD3 /* IMDownloadManager.m in Sources */,
				15FD39181D82A88B00970CD3 /* UITextField+YZEmotion.m in Sources */,
				15FD391C1D82A88B00970CD3 /* YZEmotionKeyboard.m in Sources */,
				15FD39191D82A88B00970CD3 /* UITextView+YZEmotion.m in Sources */,
				15FD39311D82A88B00970CD3 /* IMChatToolBar.m in Sources */,
				15FD392B1D82A88B00970CD3 /* NSData+AES.m in Sources */,
				15FD39111D82A88B00970CD3 /* IMBaseItem.m in Sources */,
			);
			runOnlyForDeploymentPostprocessing = 0;
		};
		15FD382B1D82A7B600970CD3 /* Sources */ = {
			isa = PBXSourcesBuildPhase;
			buildActionMask = 2147483647;
			files = (
				15FD38341D82A7B600970CD3 /* FMChatDemoTests.m in Sources */,
			);
			runOnlyForDeploymentPostprocessing = 0;
		};
		15FD38361D82A7B600970CD3 /* Sources */ = {
			isa = PBXSourcesBuildPhase;
			buildActionMask = 2147483647;
			files = (
				15FD383F1D82A7B600970CD3 /* FMChatDemoUITests.m in Sources */,
			);
			runOnlyForDeploymentPostprocessing = 0;
		};
/* End PBXSourcesBuildPhase section */

/* Begin PBXTargetDependency section */
		15FD38311D82A7B600970CD3 /* PBXTargetDependency */ = {
			isa = PBXTargetDependency;
			target = 15FD38151D82A7B600970CD3 /* FMChatDemo */;
			targetProxy = 15FD38301D82A7B600970CD3 /* PBXContainerItemProxy */;
		};
		15FD383C1D82A7B600970CD3 /* PBXTargetDependency */ = {
			isa = PBXTargetDependency;
			target = 15FD38151D82A7B600970CD3 /* FMChatDemo */;
			targetProxy = 15FD383B1D82A7B600970CD3 /* PBXContainerItemProxy */;
		};
/* End PBXTargetDependency section */

/* Begin PBXVariantGroup section */
		15FD38221D82A7B600970CD3 /* Main.storyboard */ = {
			isa = PBXVariantGroup;
			children = (
				15FD38231D82A7B600970CD3 /* Base */,
			);
			name = Main.storyboard;
			sourceTree = "<group>";
		};
		15FD38271D82A7B600970CD3 /* LaunchScreen.storyboard */ = {
			isa = PBXVariantGroup;
			children = (
				15FD38281D82A7B600970CD3 /* Base */,
			);
			name = LaunchScreen.storyboard;
			sourceTree = "<group>";
		};
/* End PBXVariantGroup section */

/* Begin XCBuildConfiguration section */
		15FD38411D82A7B600970CD3 /* Debug */ = {
			isa = XCBuildConfiguration;
			buildSettings = {
				ALWAYS_SEARCH_USER_PATHS = NO;
				CLANG_CXX_LANGUAGE_STANDARD = "gnu++0x";
				CLANG_CXX_LIBRARY = "libc++";
				CLANG_ENABLE_MODULES = YES;
				CLANG_ENABLE_OBJC_ARC = YES;
				CLANG_WARN_BOOL_CONVERSION = YES;
				CLANG_WARN_CONSTANT_CONVERSION = YES;
				CLANG_WARN_DIRECT_OBJC_ISA_USAGE = YES_ERROR;
				CLANG_WARN_EMPTY_BODY = YES;
				CLANG_WARN_ENUM_CONVERSION = YES;
				CLANG_WARN_INT_CONVERSION = YES;
				CLANG_WARN_OBJC_ROOT_CLASS = YES_ERROR;
				CLANG_WARN_UNREACHABLE_CODE = YES;
				CLANG_WARN__DUPLICATE_METHOD_MATCH = YES;
				"CODE_SIGN_IDENTITY[sdk=iphoneos*]" = "iPhone Developer";
				COPY_PHASE_STRIP = NO;
				DEBUG_INFORMATION_FORMAT = dwarf;
				ENABLE_STRICT_OBJC_MSGSEND = YES;
				ENABLE_TESTABILITY = YES;
				GCC_C_LANGUAGE_STANDARD = gnu99;
				GCC_DYNAMIC_NO_PIC = NO;
				GCC_NO_COMMON_BLOCKS = YES;
				GCC_OPTIMIZATION_LEVEL = 0;
				GCC_PREPROCESSOR_DEFINITIONS = (
					"DEBUG=1",
					"$(inherited)",
				);
				GCC_WARN_64_TO_32_BIT_CONVERSION = YES;
				GCC_WARN_ABOUT_RETURN_TYPE = YES_ERROR;
				GCC_WARN_UNDECLARED_SELECTOR = YES;
				GCC_WARN_UNINITIALIZED_AUTOS = YES_AGGRESSIVE;
				GCC_WARN_UNUSED_FUNCTION = YES;
				GCC_WARN_UNUSED_VARIABLE = YES;
				IPHONEOS_DEPLOYMENT_TARGET = 9.2;
				MTL_ENABLE_DEBUG_INFO = YES;
				ONLY_ACTIVE_ARCH = YES;
				SDKROOT = iphoneos;
			};
			name = Debug;
		};
		15FD38421D82A7B600970CD3 /* Release */ = {
			isa = XCBuildConfiguration;
			buildSettings = {
				ALWAYS_SEARCH_USER_PATHS = NO;
				CLANG_CXX_LANGUAGE_STANDARD = "gnu++0x";
				CLANG_CXX_LIBRARY = "libc++";
				CLANG_ENABLE_MODULES = YES;
				CLANG_ENABLE_OBJC_ARC = YES;
				CLANG_WARN_BOOL_CONVERSION = YES;
				CLANG_WARN_CONSTANT_CONVERSION = YES;
				CLANG_WARN_DIRECT_OBJC_ISA_USAGE = YES_ERROR;
				CLANG_WARN_EMPTY_BODY = YES;
				CLANG_WARN_ENUM_CONVERSION = YES;
				CLANG_WARN_INT_CONVERSION = YES;
				CLANG_WARN_OBJC_ROOT_CLASS = YES_ERROR;
				CLANG_WARN_UNREACHABLE_CODE = YES;
				CLANG_WARN__DUPLICATE_METHOD_MATCH = YES;
				"CODE_SIGN_IDENTITY[sdk=iphoneos*]" = "iPhone Developer";
				COPY_PHASE_STRIP = NO;
				DEBUG_INFORMATION_FORMAT = "dwarf-with-dsym";
				ENABLE_NS_ASSERTIONS = NO;
				ENABLE_STRICT_OBJC_MSGSEND = YES;
				GCC_C_LANGUAGE_STANDARD = gnu99;
				GCC_NO_COMMON_BLOCKS = YES;
				GCC_WARN_64_TO_32_BIT_CONVERSION = YES;
				GCC_WARN_ABOUT_RETURN_TYPE = YES_ERROR;
				GCC_WARN_UNDECLARED_SELECTOR = YES;
				GCC_WARN_UNINITIALIZED_AUTOS = YES_AGGRESSIVE;
				GCC_WARN_UNUSED_FUNCTION = YES;
				GCC_WARN_UNUSED_VARIABLE = YES;
				IPHONEOS_DEPLOYMENT_TARGET = 9.2;
				MTL_ENABLE_DEBUG_INFO = NO;
				SDKROOT = iphoneos;
				VALIDATE_PRODUCT = YES;
			};
			name = Release;
		};
		15FD38441D82A7B600970CD3 /* Debug */ = {
			isa = XCBuildConfiguration;
			buildSettings = {
				ASSETCATALOG_COMPILER_APPICON_NAME = AppIcon;
				INFOPLIST_FILE = FMChatDemo/Info.plist;
				LD_RUNPATH_SEARCH_PATHS = "$(inherited) @executable_path/Frameworks";
				LIBRARY_SEARCH_PATHS = (
					"$(inherited)",
					"$(PROJECT_DIR)/ChatUI/LIB",
				);
				PRODUCT_BUNDLE_IDENTIFIER = com.zfm.FMChatDemo;
				PRODUCT_NAME = "$(TARGET_NAME)";
			};
			name = Debug;
		};
		15FD38451D82A7B600970CD3 /* Release */ = {
			isa = XCBuildConfiguration;
			buildSettings = {
				ASSETCATALOG_COMPILER_APPICON_NAME = AppIcon;
				INFOPLIST_FILE = FMChatDemo/Info.plist;
				LD_RUNPATH_SEARCH_PATHS = "$(inherited) @executable_path/Frameworks";
				LIBRARY_SEARCH_PATHS = (
					"$(inherited)",
					"$(PROJECT_DIR)/ChatUI/LIB",
				);
				PRODUCT_BUNDLE_IDENTIFIER = com.zfm.FMChatDemo;
				PRODUCT_NAME = "$(TARGET_NAME)";
			};
			name = Release;
		};
		15FD38471D82A7B600970CD3 /* Debug */ = {
			isa = XCBuildConfiguration;
			buildSettings = {
				BUNDLE_LOADER = "$(TEST_HOST)";
				INFOPLIST_FILE = FMChatDemoTests/Info.plist;
				LD_RUNPATH_SEARCH_PATHS = "$(inherited) @executable_path/Frameworks @loader_path/Frameworks";
				PRODUCT_BUNDLE_IDENTIFIER = com.zfm.FMChatDemoTests;
				PRODUCT_NAME = "$(TARGET_NAME)";
				TEST_HOST = "$(BUILT_PRODUCTS_DIR)/FMChatDemo.app/FMChatDemo";
			};
			name = Debug;
		};
		15FD38481D82A7B600970CD3 /* Release */ = {
			isa = XCBuildConfiguration;
			buildSettings = {
				BUNDLE_LOADER = "$(TEST_HOST)";
				INFOPLIST_FILE = FMChatDemoTests/Info.plist;
				LD_RUNPATH_SEARCH_PATHS = "$(inherited) @executable_path/Frameworks @loader_path/Frameworks";
				PRODUCT_BUNDLE_IDENTIFIER = com.zfm.FMChatDemoTests;
				PRODUCT_NAME = "$(TARGET_NAME)";
				TEST_HOST = "$(BUILT_PRODUCTS_DIR)/FMChatDemo.app/FMChatDemo";
			};
			name = Release;
		};
		15FD384A1D82A7B600970CD3 /* Debug */ = {
			isa = XCBuildConfiguration;
			buildSettings = {
				INFOPLIST_FILE = FMChatDemoUITests/Info.plist;
				LD_RUNPATH_SEARCH_PATHS = "$(inherited) @executable_path/Frameworks @loader_path/Frameworks";
				PRODUCT_BUNDLE_IDENTIFIER = com.zfm.FMChatDemoUITests;
				PRODUCT_NAME = "$(TARGET_NAME)";
				TEST_TARGET_NAME = FMChatDemo;
				USES_XCTRUNNER = YES;
			};
			name = Debug;
		};
		15FD384B1D82A7B600970CD3 /* Release */ = {
			isa = XCBuildConfiguration;
			buildSettings = {
				INFOPLIST_FILE = FMChatDemoUITests/Info.plist;
				LD_RUNPATH_SEARCH_PATHS = "$(inherited) @executable_path/Frameworks @loader_path/Frameworks";
				PRODUCT_BUNDLE_IDENTIFIER = com.zfm.FMChatDemoUITests;
				PRODUCT_NAME = "$(TARGET_NAME)";
				TEST_TARGET_NAME = FMChatDemo;
				USES_XCTRUNNER = YES;
			};
			name = Release;
		};
/* End XCBuildConfiguration section */

/* Begin XCConfigurationList section */
		15FD38111D82A7B600970CD3 /* Build configuration list for PBXProject "FMChatDemo" */ = {
			isa = XCConfigurationList;
			buildConfigurations = (
				15FD38411D82A7B600970CD3 /* Debug */,
				15FD38421D82A7B600970CD3 /* Release */,
			);
			defaultConfigurationIsVisible = 0;
			defaultConfigurationName = Release;
		};
		15FD38431D82A7B600970CD3 /* Build configuration list for PBXNativeTarget "FMChatDemo" */ = {
			isa = XCConfigurationList;
			buildConfigurations = (
				15FD38441D82A7B600970CD3 /* Debug */,
				15FD38451D82A7B600970CD3 /* Release */,
			);
			defaultConfigurationIsVisible = 0;
		};
		15FD38461D82A7B600970CD3 /* Build configuration list for PBXNativeTarget "FMChatDemoTests" */ = {
			isa = XCConfigurationList;
			buildConfigurations = (
				15FD38471D82A7B600970CD3 /* Debug */,
				15FD38481D82A7B600970CD3 /* Release */,
			);
			defaultConfigurationIsVisible = 0;
		};
		15FD38491D82A7B600970CD3 /* Build configuration list for PBXNativeTarget "FMChatDemoUITests" */ = {
			isa = XCConfigurationList;
			buildConfigurations = (
				15FD384A1D82A7B600970CD3 /* Debug */,
				15FD384B1D82A7B600970CD3 /* Release */,
			);
			defaultConfigurationIsVisible = 0;
		};
/* End XCConfigurationList section */
	};
	rootObject = 15FD380E1D82A7B600970CD3 /* Project object */;
}
